// !$*UTF8*$!
{
	archiveVersion = 1;
	classes = {
	};
	objectVersion = 56;
	objects = {

/* Begin PBXBuildFile section */
		8120C7A72C2A79EF007DCE2E /* AccountView.swift in Sources */ = {isa = PBXBuildFile; fileRef = 8120C7A62C2A79EF007DCE2E /* AccountView.swift */; };
		8120C7AD2C2A807C007DCE2E /* CompletionsRequest.swift in Sources */ = {isa = PBXBuildFile; fileRef = 8120C7AC2C2A807C007DCE2E /* CompletionsRequest.swift */; };
		8120C7AF2C2A8091007DCE2E /* Message.swift in Sources */ = {isa = PBXBuildFile; fileRef = 8120C7AE2C2A8091007DCE2E /* Message.swift */; };
		8120C7BF2C2B483E007DCE2E /* Constants.swift in Sources */ = {isa = PBXBuildFile; fileRef = 8120C7BE2C2B483E007DCE2E /* Constants.swift */; };
		8120C7D22C3D635E007DCE2E /* CompletionsResponse.swift in Sources */ = {isa = PBXBuildFile; fileRef = 8120C7D12C3D635E007DCE2E /* CompletionsResponse.swift */; };
		8120C7D42C3E3726007DCE2E /* MessageViewModel.swift in Sources */ = {isa = PBXBuildFile; fileRef = 8120C7D32C3E3726007DCE2E /* MessageViewModel.swift */; };
		812D1F072C897DBB00255A86 /* ConversationView.swift in Sources */ = {isa = PBXBuildFile; fileRef = 812D1F062C897DBB00255A86 /* ConversationView.swift */; };
		812D1F092C897DCD00255A86 /* ConversationViewModel.swift in Sources */ = {isa = PBXBuildFile; fileRef = 812D1F082C897DCD00255A86 /* ConversationViewModel.swift */; };
		812D1F0B2C897E8400255A86 /* Utilities.swift in Sources */ = {isa = PBXBuildFile; fileRef = 812D1F0A2C897E8400255A86 /* Utilities.swift */; };
		81494AD82C13BD2900F1ABB0 /* LinguistaApp.swift in Sources */ = {isa = PBXBuildFile; fileRef = 81494AD72C13BD2900F1ABB0 /* LinguistaApp.swift */; };
		81494ADA2C13BD2900F1ABB0 /* ContentView.swift in Sources */ = {isa = PBXBuildFile; fileRef = 81494AD92C13BD2900F1ABB0 /* ContentView.swift */; };
		81494ADC2C13BD2A00F1ABB0 /* Assets.xcassets in Resources */ = {isa = PBXBuildFile; fileRef = 81494ADB2C13BD2A00F1ABB0 /* Assets.xcassets */; };
		81494ADF2C13BD2A00F1ABB0 /* Preview Assets.xcassets in Resources */ = {isa = PBXBuildFile; fileRef = 81494ADE2C13BD2A00F1ABB0 /* Preview Assets.xcassets */; };
		81494AE92C13BD2A00F1ABB0 /* LinguistaTests.swift in Sources */ = {isa = PBXBuildFile; fileRef = 81494AE82C13BD2A00F1ABB0 /* LinguistaTests.swift */; };
		81494AF32C13BD2A00F1ABB0 /* LinguistaUITests.swift in Sources */ = {isa = PBXBuildFile; fileRef = 81494AF22C13BD2A00F1ABB0 /* LinguistaUITests.swift */; };
		81494AF52C13BD2A00F1ABB0 /* LinguistaUITestsLaunchTests.swift in Sources */ = {isa = PBXBuildFile; fileRef = 81494AF42C13BD2A00F1ABB0 /* LinguistaUITestsLaunchTests.swift */; };
		8159FDFA2CE642B6005A0428 /* TextToSpeechView.swift in Sources */ = {isa = PBXBuildFile; fileRef = 8159FDF92CE642B6005A0428 /* TextToSpeechView.swift */; };
		8159FDFC2CE65A72005A0428 /* TextToSpeech.swift in Sources */ = {isa = PBXBuildFile; fileRef = 8159FDFB2CE65A72005A0428 /* TextToSpeech.swift */; };
		81841B0E2C62B96B00B7A5AC /* AuthenticationService.swift in Sources */ = {isa = PBXBuildFile; fileRef = 81841B0D2C62B96B00B7A5AC /* AuthenticationService.swift */; };
		81841B122C66B61100B7A5AC /* Config.plist in Resources */ = {isa = PBXBuildFile; fileRef = 81841B112C66B61100B7A5AC /* Config.plist */; };
		81841B142C66B66A00B7A5AC /* Config.swift in Sources */ = {isa = PBXBuildFile; fileRef = 81841B132C66B66A00B7A5AC /* Config.swift */; };
		81841B162C66BD1000B7A5AC /* QuickTranslateView.swift in Sources */ = {isa = PBXBuildFile; fileRef = 81841B152C66BD1000B7A5AC /* QuickTranslateView.swift */; };
		81841B1A2C6C5F7700B7A5AC /* Language.swift in Sources */ = {isa = PBXBuildFile; fileRef = 81841B192C6C5F7700B7A5AC /* Language.swift */; };
		8188C7252CAC0CD200A10210 /* UserContextMessagingViewModel.swift in Sources */ = {isa = PBXBuildFile; fileRef = 8188C7242CAC0CD200A10210 /* UserContextMessagingViewModel.swift */; };
		8188C7272CAC0CF700A10210 /* UserContextMessagingView.swift in Sources */ = {isa = PBXBuildFile; fileRef = 8188C7262CAC0CF700A10210 /* UserContextMessagingView.swift */; };
		8188C7292CAEA25A00A10210 /* Prompt.swift in Sources */ = {isa = PBXBuildFile; fileRef = 8188C7282CAEA25A00A10210 /* Prompt.swift */; };
		8188C72B2CB2B96300A10210 /* TestView.swift in Sources */ = {isa = PBXBuildFile; fileRef = 8188C72A2CB2B95F00A10210 /* TestView.swift */; };
		8188C72E2CB764C700A10210 /* CompletionsService.swift in Sources */ = {isa = PBXBuildFile; fileRef = 8188C72D2CB764C700A10210 /* CompletionsService.swift */; };
		819622112CDDAC59009D9392 /* SpeechRecognizer.swift in Sources */ = {isa = PBXBuildFile; fileRef = 819622102CDDAC59009D9392 /* SpeechRecognizer.swift */; };
		819622132CDDAC75009D9392 /* SpeechRecognizerView.swift in Sources */ = {isa = PBXBuildFile; fileRef = 819622122CDDAC75009D9392 /* SpeechRecognizerView.swift */; };
		819622152CE303DB009D9392 /* SpokenMessagingView.swift in Sources */ = {isa = PBXBuildFile; fileRef = 819622142CE303DB009D9392 /* SpokenMessagingView.swift */; };
		81D8E4092C7452DD00D7C0F8 /* MessagingView.swift in Sources */ = {isa = PBXBuildFile; fileRef = 81D8E4082C7452DD00D7C0F8 /* MessagingView.swift */; };
		81D8E40B2C74559E00D7C0F8 /* MessagingModel.swift in Sources */ = {isa = PBXBuildFile; fileRef = 81D8E40A2C74559E00D7C0F8 /* MessagingModel.swift */; };
		81D8E40D2C74561400D7C0F8 /* MessagingViewModel.swift in Sources */ = {isa = PBXBuildFile; fileRef = 81D8E40C2C74561400D7C0F8 /* MessagingViewModel.swift */; };
/* End PBXBuildFile section */

/* Begin PBXContainerItemProxy section */
		81494AE52C13BD2A00F1ABB0 /* PBXContainerItemProxy */ = {
			isa = PBXContainerItemProxy;
			containerPortal = 81494ACC2C13BD2900F1ABB0 /* Project object */;
			proxyType = 1;
			remoteGlobalIDString = 81494AD32C13BD2900F1ABB0;
			remoteInfo = Linguista;
		};
		81494AEF2C13BD2A00F1ABB0 /* PBXContainerItemProxy */ = {
			isa = PBXContainerItemProxy;
			containerPortal = 81494ACC2C13BD2900F1ABB0 /* Project object */;
			proxyType = 1;
			remoteGlobalIDString = 81494AD32C13BD2900F1ABB0;
			remoteInfo = Linguista;
		};
/* End PBXContainerItemProxy section */

/* Begin PBXFileReference section */
		8120C7A62C2A79EF007DCE2E /* AccountView.swift */ = {isa = PBXFileReference; lastKnownFileType = sourcecode.swift; path = AccountView.swift; sourceTree = "<group>"; };
		8120C7AC2C2A807C007DCE2E /* CompletionsRequest.swift */ = {isa = PBXFileReference; lastKnownFileType = sourcecode.swift; path = CompletionsRequest.swift; sourceTree = "<group>"; };
		8120C7AE2C2A8091007DCE2E /* Message.swift */ = {isa = PBXFileReference; lastKnownFileType = sourcecode.swift; path = Message.swift; sourceTree = "<group>"; };
		8120C7BE2C2B483E007DCE2E /* Constants.swift */ = {isa = PBXFileReference; lastKnownFileType = sourcecode.swift; path = Constants.swift; sourceTree = "<group>"; };
		8120C7D12C3D635E007DCE2E /* CompletionsResponse.swift */ = {isa = PBXFileReference; lastKnownFileType = sourcecode.swift; path = CompletionsResponse.swift; sourceTree = "<group>"; };
		8120C7D32C3E3726007DCE2E /* MessageViewModel.swift */ = {isa = PBXFileReference; lastKnownFileType = sourcecode.swift; path = MessageViewModel.swift; sourceTree = "<group>"; };
		8120C7DE2C40F099007DCE2E /* Info.plist */ = {isa = PBXFileReference; lastKnownFileType = text.plist; path = Info.plist; sourceTree = "<group>"; };
		812D1F062C897DBB00255A86 /* ConversationView.swift */ = {isa = PBXFileReference; lastKnownFileType = sourcecode.swift; path = ConversationView.swift; sourceTree = "<group>"; };
		812D1F082C897DCD00255A86 /* ConversationViewModel.swift */ = {isa = PBXFileReference; lastKnownFileType = sourcecode.swift; path = ConversationViewModel.swift; sourceTree = "<group>"; };
		812D1F0A2C897E8400255A86 /* Utilities.swift */ = {isa = PBXFileReference; lastKnownFileType = sourcecode.swift; path = Utilities.swift; sourceTree = "<group>"; };
		81494AD42C13BD2900F1ABB0 /* Linguista.app */ = {isa = PBXFileReference; explicitFileType = wrapper.application; includeInIndex = 0; path = Linguista.app; sourceTree = BUILT_PRODUCTS_DIR; };
		81494AD72C13BD2900F1ABB0 /* LinguistaApp.swift */ = {isa = PBXFileReference; lastKnownFileType = sourcecode.swift; path = LinguistaApp.swift; sourceTree = "<group>"; };
		81494AD92C13BD2900F1ABB0 /* ContentView.swift */ = {isa = PBXFileReference; lastKnownFileType = sourcecode.swift; path = ContentView.swift; sourceTree = "<group>"; };
		81494ADB2C13BD2A00F1ABB0 /* Assets.xcassets */ = {isa = PBXFileReference; lastKnownFileType = folder.assetcatalog; path = Assets.xcassets; sourceTree = "<group>"; };
		81494ADE2C13BD2A00F1ABB0 /* Preview Assets.xcassets */ = {isa = PBXFileReference; lastKnownFileType = folder.assetcatalog; path = "Preview Assets.xcassets"; sourceTree = "<group>"; };
		81494AE42C13BD2A00F1ABB0 /* LinguistaTests.xctest */ = {isa = PBXFileReference; explicitFileType = wrapper.cfbundle; includeInIndex = 0; path = LinguistaTests.xctest; sourceTree = BUILT_PRODUCTS_DIR; };
		81494AE82C13BD2A00F1ABB0 /* LinguistaTests.swift */ = {isa = PBXFileReference; lastKnownFileType = sourcecode.swift; path = LinguistaTests.swift; sourceTree = "<group>"; };
		81494AEE2C13BD2A00F1ABB0 /* LinguistaUITests.xctest */ = {isa = PBXFileReference; explicitFileType = wrapper.cfbundle; includeInIndex = 0; path = LinguistaUITests.xctest; sourceTree = BUILT_PRODUCTS_DIR; };
		81494AF22C13BD2A00F1ABB0 /* LinguistaUITests.swift */ = {isa = PBXFileReference; lastKnownFileType = sourcecode.swift; path = LinguistaUITests.swift; sourceTree = "<group>"; };
		81494AF42C13BD2A00F1ABB0 /* LinguistaUITestsLaunchTests.swift */ = {isa = PBXFileReference; lastKnownFileType = sourcecode.swift; path = LinguistaUITestsLaunchTests.swift; sourceTree = "<group>"; };
		8159FDF92CE642B6005A0428 /* TextToSpeechView.swift */ = {isa = PBXFileReference; lastKnownFileType = sourcecode.swift; path = TextToSpeechView.swift; sourceTree = "<group>"; };
		8159FDFB2CE65A72005A0428 /* TextToSpeech.swift */ = {isa = PBXFileReference; lastKnownFileType = sourcecode.swift; path = TextToSpeech.swift; sourceTree = "<group>"; };
		81841B0D2C62B96B00B7A5AC /* AuthenticationService.swift */ = {isa = PBXFileReference; lastKnownFileType = sourcecode.swift; path = AuthenticationService.swift; sourceTree = "<group>"; };
		81841B112C66B61100B7A5AC /* Config.plist */ = {isa = PBXFileReference; lastKnownFileType = text.plist.xml; path = Config.plist; sourceTree = "<group>"; };
		81841B132C66B66A00B7A5AC /* Config.swift */ = {isa = PBXFileReference; lastKnownFileType = sourcecode.swift; path = Config.swift; sourceTree = "<group>"; };
		81841B152C66BD1000B7A5AC /* QuickTranslateView.swift */ = {isa = PBXFileReference; lastKnownFileType = sourcecode.swift; path = QuickTranslateView.swift; sourceTree = "<group>"; };
		81841B192C6C5F7700B7A5AC /* Language.swift */ = {isa = PBXFileReference; lastKnownFileType = sourcecode.swift; path = Language.swift; sourceTree = "<group>"; };
		8188C7242CAC0CD200A10210 /* UserContextMessagingViewModel.swift */ = {isa = PBXFileReference; lastKnownFileType = sourcecode.swift; path = UserContextMessagingViewModel.swift; sourceTree = "<group>"; };
		8188C7262CAC0CF700A10210 /* UserContextMessagingView.swift */ = {isa = PBXFileReference; lastKnownFileType = sourcecode.swift; path = UserContextMessagingView.swift; sourceTree = "<group>"; };
		8188C7282CAEA25A00A10210 /* Prompt.swift */ = {isa = PBXFileReference; lastKnownFileType = sourcecode.swift; path = Prompt.swift; sourceTree = "<group>"; };
		8188C72A2CB2B95F00A10210 /* TestView.swift */ = {isa = PBXFileReference; lastKnownFileType = sourcecode.swift; path = TestView.swift; sourceTree = "<group>"; };
		8188C72D2CB764C700A10210 /* CompletionsService.swift */ = {isa = PBXFileReference; lastKnownFileType = sourcecode.swift; path = CompletionsService.swift; sourceTree = "<group>"; };
		819622102CDDAC59009D9392 /* SpeechRecognizer.swift */ = {isa = PBXFileReference; lastKnownFileType = sourcecode.swift; path = SpeechRecognizer.swift; sourceTree = "<group>"; };
		819622122CDDAC75009D9392 /* SpeechRecognizerView.swift */ = {isa = PBXFileReference; lastKnownFileType = sourcecode.swift; path = SpeechRecognizerView.swift; sourceTree = "<group>"; };
		819622142CE303DB009D9392 /* SpokenMessagingView.swift */ = {isa = PBXFileReference; lastKnownFileType = sourcecode.swift; path = SpokenMessagingView.swift; sourceTree = "<group>"; };
		81D8E4082C7452DD00D7C0F8 /* MessagingView.swift */ = {isa = PBXFileReference; lastKnownFileType = sourcecode.swift; path = MessagingView.swift; sourceTree = "<group>"; };
		81D8E40A2C74559E00D7C0F8 /* MessagingModel.swift */ = {isa = PBXFileReference; lastKnownFileType = sourcecode.swift; path = MessagingModel.swift; sourceTree = "<group>"; };
		81D8E40C2C74561400D7C0F8 /* MessagingViewModel.swift */ = {isa = PBXFileReference; lastKnownFileType = sourcecode.swift; path = MessagingViewModel.swift; sourceTree = "<group>"; };
/* End PBXFileReference section */

/* Begin PBXFrameworksBuildPhase section */
		81494AD12C13BD2900F1ABB0 /* Frameworks */ = {
			isa = PBXFrameworksBuildPhase;
			buildActionMask = 2147483647;
			files = (
			);
			runOnlyForDeploymentPostprocessing = 0;
		};
		81494AE12C13BD2A00F1ABB0 /* Frameworks */ = {
			isa = PBXFrameworksBuildPhase;
			buildActionMask = 2147483647;
			files = (
			);
			runOnlyForDeploymentPostprocessing = 0;
		};
		81494AEB2C13BD2A00F1ABB0 /* Frameworks */ = {
			isa = PBXFrameworksBuildPhase;
			buildActionMask = 2147483647;
			files = (
			);
			runOnlyForDeploymentPostprocessing = 0;
		};
/* End PBXFrameworksBuildPhase section */

/* Begin PBXGroup section */
		8120C7A42C2A78C6007DCE2E /* Views */ = {
			isa = PBXGroup;
			children = (
				819622122CDDAC75009D9392 /* SpeechRecognizerView.swift */,
				81494AD92C13BD2900F1ABB0 /* ContentView.swift */,
				8120C7A62C2A79EF007DCE2E /* AccountView.swift */,
				81841B152C66BD1000B7A5AC /* QuickTranslateView.swift */,
				81D8E4082C7452DD00D7C0F8 /* MessagingView.swift */,
				812D1F062C897DBB00255A86 /* ConversationView.swift */,
				8188C72A2CB2B95F00A10210 /* TestView.swift */,
				8188C7262CAC0CF700A10210 /* UserContextMessagingView.swift */,
				819622142CE303DB009D9392 /* SpokenMessagingView.swift */,
				8159FDF92CE642B6005A0428 /* TextToSpeechView.swift */,
			);
			path = Views;
			sourceTree = "<group>";
		};
		8120C7A52C2A78DA007DCE2E /* Services */ = {
			isa = PBXGroup;
			children = (
				81841B0D2C62B96B00B7A5AC /* AuthenticationService.swift */,
				8188C72D2CB764C700A10210 /* CompletionsService.swift */,
			);
			path = Services;
			sourceTree = "<group>";
		};
		8120C7BC2C2B480E007DCE2E /* Helpers */ = {
			isa = PBXGroup;
			children = (
				81841B132C66B66A00B7A5AC /* Config.swift */,
			);
			path = Helpers;
			sourceTree = "<group>";
		};
		8120C7BD2C2B4833007DCE2E /* Resources */ = {
			isa = PBXGroup;
			children = (
				8120C7BE2C2B483E007DCE2E /* Constants.swift */,
				812D1F0A2C897E8400255A86 /* Utilities.swift */,
				819622102CDDAC59009D9392 /* SpeechRecognizer.swift */,
				8159FDFB2CE65A72005A0428 /* TextToSpeech.swift */,
			);
			path = Resources;
			sourceTree = "<group>";
		};
		8120C7C22C2B4C6C007DCE2E /* ViewModels */ = {
			isa = PBXGroup;
			children = (
				8120C7D32C3E3726007DCE2E /* MessageViewModel.swift */,
				81D8E40C2C74561400D7C0F8 /* MessagingViewModel.swift */,
				812D1F082C897DCD00255A86 /* ConversationViewModel.swift */,
				8188C7242CAC0CD200A10210 /* UserContextMessagingViewModel.swift */,
			);
			path = ViewModels;
			sourceTree = "<group>";
		};
		81494ACB2C13BD2900F1ABB0 = {
			isa = PBXGroup;
			children = (
				81494AD62C13BD2900F1ABB0 /* Linguista */,
				81494AE72C13BD2A00F1ABB0 /* LinguistaTests */,
				81494AF12C13BD2A00F1ABB0 /* LinguistaUITests */,
				81494AD52C13BD2900F1ABB0 /* Products */,
			);
			sourceTree = "<group>";
		};
		81494AD52C13BD2900F1ABB0 /* Products */ = {
			isa = PBXGroup;
			children = (
				81494AD42C13BD2900F1ABB0 /* Linguista.app */,
				81494AE42C13BD2A00F1ABB0 /* LinguistaTests.xctest */,
				81494AEE2C13BD2A00F1ABB0 /* LinguistaUITests.xctest */,
			);
			name = Products;
			sourceTree = "<group>";
		};
		81494AD62C13BD2900F1ABB0 /* Linguista */ = {
			isa = PBXGroup;
			children = (
				8120C7DE2C40F099007DCE2E /* Info.plist */,
				8120C7C22C2B4C6C007DCE2E /* ViewModels */,
				8120C7BD2C2B4833007DCE2E /* Resources */,
				8120C7BC2C2B480E007DCE2E /* Helpers */,
				8120C7A52C2A78DA007DCE2E /* Services */,
				8120C7A42C2A78C6007DCE2E /* Views */,
				81E127F62C2287B5009A5051 /* Models */,
				81494AD72C13BD2900F1ABB0 /* LinguistaApp.swift */,
				81494ADB2C13BD2A00F1ABB0 /* Assets.xcassets */,
				81494ADD2C13BD2A00F1ABB0 /* Preview Content */,
				81841B112C66B61100B7A5AC /* Config.plist */,
			);
			path = Linguista;
			sourceTree = "<group>";
		};
		81494ADD2C13BD2A00F1ABB0 /* Preview Content */ = {
			isa = PBXGroup;
			children = (
				81494ADE2C13BD2A00F1ABB0 /* Preview Assets.xcassets */,
			);
			path = "Preview Content";
			sourceTree = "<group>";
		};
		81494AE72C13BD2A00F1ABB0 /* LinguistaTests */ = {
			isa = PBXGroup;
			children = (
				81494AE82C13BD2A00F1ABB0 /* LinguistaTests.swift */,
			);
			path = LinguistaTests;
			sourceTree = "<group>";
		};
		81494AF12C13BD2A00F1ABB0 /* LinguistaUITests */ = {
			isa = PBXGroup;
			children = (
				81494AF22C13BD2A00F1ABB0 /* LinguistaUITests.swift */,
				81494AF42C13BD2A00F1ABB0 /* LinguistaUITestsLaunchTests.swift */,
			);
			path = LinguistaUITests;
			sourceTree = "<group>";
		};
		81E127F62C2287B5009A5051 /* Models */ = {
			isa = PBXGroup;
			children = (
				8120C7AC2C2A807C007DCE2E /* CompletionsRequest.swift */,
				8120C7AE2C2A8091007DCE2E /* Message.swift */,
				8120C7D12C3D635E007DCE2E /* CompletionsResponse.swift */,
				81841B192C6C5F7700B7A5AC /* Language.swift */,
				81D8E40A2C74559E00D7C0F8 /* MessagingModel.swift */,
				8188C7282CAEA25A00A10210 /* Prompt.swift */,
			);
			path = Models;
			sourceTree = "<group>";
		};
/* End PBXGroup section */

/* Begin PBXNativeTarget section */
		81494AD32C13BD2900F1ABB0 /* Linguista */ = {
			isa = PBXNativeTarget;
			buildConfigurationList = 81494AF82C13BD2A00F1ABB0 /* Build configuration list for PBXNativeTarget "Linguista" */;
			buildPhases = (
				81494AD02C13BD2900F1ABB0 /* Sources */,
				81494AD12C13BD2900F1ABB0 /* Frameworks */,
				81494AD22C13BD2900F1ABB0 /* Resources */,
			);
			buildRules = (
			);
			dependencies = (
			);
			name = Linguista;
			productName = Linguista;
			productReference = 81494AD42C13BD2900F1ABB0 /* Linguista.app */;
			productType = "com.apple.product-type.application";
		};
		81494AE32C13BD2A00F1ABB0 /* LinguistaTests */ = {
			isa = PBXNativeTarget;
			buildConfigurationList = 81494AFB2C13BD2A00F1ABB0 /* Build configuration list for PBXNativeTarget "LinguistaTests" */;
			buildPhases = (
				81494AE02C13BD2A00F1ABB0 /* Sources */,
				81494AE12C13BD2A00F1ABB0 /* Frameworks */,
				81494AE22C13BD2A00F1ABB0 /* Resources */,
			);
			buildRules = (
			);
			dependencies = (
				81494AE62C13BD2A00F1ABB0 /* PBXTargetDependency */,
			);
			name = LinguistaTests;
			productName = LinguistaTests;
			productReference = 81494AE42C13BD2A00F1ABB0 /* LinguistaTests.xctest */;
			productType = "com.apple.product-type.bundle.unit-test";
		};
		81494AED2C13BD2A00F1ABB0 /* LinguistaUITests */ = {
			isa = PBXNativeTarget;
			buildConfigurationList = 81494AFE2C13BD2A00F1ABB0 /* Build configuration list for PBXNativeTarget "LinguistaUITests" */;
			buildPhases = (
				81494AEA2C13BD2A00F1ABB0 /* Sources */,
				81494AEB2C13BD2A00F1ABB0 /* Frameworks */,
				81494AEC2C13BD2A00F1ABB0 /* Resources */,
			);
			buildRules = (
			);
			dependencies = (
				81494AF02C13BD2A00F1ABB0 /* PBXTargetDependency */,
			);
			name = LinguistaUITests;
			productName = LinguistaUITests;
			productReference = 81494AEE2C13BD2A00F1ABB0 /* LinguistaUITests.xctest */;
			productType = "com.apple.product-type.bundle.ui-testing";
		};
/* End PBXNativeTarget section */

/* Begin PBXProject section */
		81494ACC2C13BD2900F1ABB0 /* Project object */ = {
			isa = PBXProject;
			attributes = {
				BuildIndependentTargetsInParallel = 1;
				LastSwiftUpdateCheck = 1540;
				LastUpgradeCheck = 1540;
				TargetAttributes = {
					81494AD32C13BD2900F1ABB0 = {
						CreatedOnToolsVersion = 15.4;
					};
					81494AE32C13BD2A00F1ABB0 = {
						CreatedOnToolsVersion = 15.4;
						TestTargetID = 81494AD32C13BD2900F1ABB0;
					};
					81494AED2C13BD2A00F1ABB0 = {
						CreatedOnToolsVersion = 15.4;
						TestTargetID = 81494AD32C13BD2900F1ABB0;
					};
				};
			};
			buildConfigurationList = 81494ACF2C13BD2900F1ABB0 /* Build configuration list for PBXProject "Linguista" */;
			compatibilityVersion = "Xcode 14.0";
			developmentRegion = en;
			hasScannedForEncodings = 0;
			knownRegions = (
				en,
				Base,
			);
			mainGroup = 81494ACB2C13BD2900F1ABB0;
			productRefGroup = 81494AD52C13BD2900F1ABB0 /* Products */;
			projectDirPath = "";
			projectRoot = "";
			targets = (
				81494AD32C13BD2900F1ABB0 /* Linguista */,
				81494AE32C13BD2A00F1ABB0 /* LinguistaTests */,
				81494AED2C13BD2A00F1ABB0 /* LinguistaUITests */,
			);
		};
/* End PBXProject section */

/* Begin PBXResourcesBuildPhase section */
		81494AD22C13BD2900F1ABB0 /* Resources */ = {
			isa = PBXResourcesBuildPhase;
			buildActionMask = 2147483647;
			files = (
				81494ADF2C13BD2A00F1ABB0 /* Preview Assets.xcassets in Resources */,
				81841B122C66B61100B7A5AC /* Config.plist in Resources */,
				81494ADC2C13BD2A00F1ABB0 /* Assets.xcassets in Resources */,
			);
			runOnlyForDeploymentPostprocessing = 0;
		};
		81494AE22C13BD2A00F1ABB0 /* Resources */ = {
			isa = PBXResourcesBuildPhase;
			buildActionMask = 2147483647;
			files = (
			);
			runOnlyForDeploymentPostprocessing = 0;
		};
		81494AEC2C13BD2A00F1ABB0 /* Resources */ = {
			isa = PBXResourcesBuildPhase;
			buildActionMask = 2147483647;
			files = (
			);
			runOnlyForDeploymentPostprocessing = 0;
		};
/* End PBXResourcesBuildPhase section */

/* Begin PBXSourcesBuildPhase section */
		81494AD02C13BD2900F1ABB0 /* Sources */ = {
			isa = PBXSourcesBuildPhase;
			buildActionMask = 2147483647;
			files = (
				8120C7BF2C2B483E007DCE2E /* Constants.swift in Sources */,
				81494ADA2C13BD2900F1ABB0 /* ContentView.swift in Sources */,
				81841B142C66B66A00B7A5AC /* Config.swift in Sources */,
				819622152CE303DB009D9392 /* SpokenMessagingView.swift in Sources */,
				8188C7292CAEA25A00A10210 /* Prompt.swift in Sources */,
				81D8E4092C7452DD00D7C0F8 /* MessagingView.swift in Sources */,
				8120C7AD2C2A807C007DCE2E /* CompletionsRequest.swift in Sources */,
				8159FDFA2CE642B6005A0428 /* TextToSpeechView.swift in Sources */,
				819622132CDDAC75009D9392 /* SpeechRecognizerView.swift in Sources */,
				8120C7D42C3E3726007DCE2E /* MessageViewModel.swift in Sources */,
				812D1F0B2C897E8400255A86 /* Utilities.swift in Sources */,
				81841B0E2C62B96B00B7A5AC /* AuthenticationService.swift in Sources */,
				812D1F092C897DCD00255A86 /* ConversationViewModel.swift in Sources */,
				812D1F072C897DBB00255A86 /* ConversationView.swift in Sources */,
				81D8E40D2C74561400D7C0F8 /* MessagingViewModel.swift in Sources */,
				81841B1A2C6C5F7700B7A5AC /* Language.swift in Sources */,
				8120C7A72C2A79EF007DCE2E /* AccountView.swift in Sources */,
				8188C7272CAC0CF700A10210 /* UserContextMessagingView.swift in Sources */,
				81841B162C66BD1000B7A5AC /* QuickTranslateView.swift in Sources */,
				81D8E40B2C74559E00D7C0F8 /* MessagingModel.swift in Sources */,
				819622112CDDAC59009D9392 /* SpeechRecognizer.swift in Sources */,
				8188C72E2CB764C700A10210 /* CompletionsService.swift in Sources */,
				8188C7252CAC0CD200A10210 /* UserContextMessagingViewModel.swift in Sources */,
				8188C72B2CB2B96300A10210 /* TestView.swift in Sources */,
				81494AD82C13BD2900F1ABB0 /* LinguistaApp.swift in Sources */,
				8159FDFC2CE65A72005A0428 /* TextToSpeech.swift in Sources */,
				8120C7D22C3D635E007DCE2E /* CompletionsResponse.swift in Sources */,
				8120C7AF2C2A8091007DCE2E /* Message.swift in Sources */,
			);
			runOnlyForDeploymentPostprocessing = 0;
		};
		81494AE02C13BD2A00F1ABB0 /* Sources */ = {
			isa = PBXSourcesBuildPhase;
			buildActionMask = 2147483647;
			files = (
				81494AE92C13BD2A00F1ABB0 /* LinguistaTests.swift in Sources */,
			);
			runOnlyForDeploymentPostprocessing = 0;
		};
		81494AEA2C13BD2A00F1ABB0 /* Sources */ = {
			isa = PBXSourcesBuildPhase;
			buildActionMask = 2147483647;
			files = (
				81494AF32C13BD2A00F1ABB0 /* LinguistaUITests.swift in Sources */,
				81494AF52C13BD2A00F1ABB0 /* LinguistaUITestsLaunchTests.swift in Sources */,
			);
			runOnlyForDeploymentPostprocessing = 0;
		};
/* End PBXSourcesBuildPhase section */

/* Begin PBXTargetDependency section */
		81494AE62C13BD2A00F1ABB0 /* PBXTargetDependency */ = {
			isa = PBXTargetDependency;
			target = 81494AD32C13BD2900F1ABB0 /* Linguista */;
			targetProxy = 81494AE52C13BD2A00F1ABB0 /* PBXContainerItemProxy */;
		};
		81494AF02C13BD2A00F1ABB0 /* PBXTargetDependency */ = {
			isa = PBXTargetDependency;
			target = 81494AD32C13BD2900F1ABB0 /* Linguista */;
			targetProxy = 81494AEF2C13BD2A00F1ABB0 /* PBXContainerItemProxy */;
		};
/* End PBXTargetDependency section */

/* Begin XCBuildConfiguration section */
		81494AF62C13BD2A00F1ABB0 /* Debug */ = {
			isa = XCBuildConfiguration;
			buildSettings = {
				ALWAYS_SEARCH_USER_PATHS = NO;
				ASSETCATALOG_COMPILER_GENERATE_SWIFT_ASSET_SYMBOL_EXTENSIONS = YES;
				CLANG_ANALYZER_NONNULL = YES;
				CLANG_ANALYZER_NUMBER_OBJECT_CONVERSION = YES_AGGRESSIVE;
				CLANG_CXX_LANGUAGE_STANDARD = "gnu++20";
				CLANG_ENABLE_MODULES = YES;
				CLANG_ENABLE_OBJC_ARC = YES;
				CLANG_ENABLE_OBJC_WEAK = YES;
				CLANG_WARN_BLOCK_CAPTURE_AUTORELEASING = YES;
				CLANG_WARN_BOOL_CONVERSION = YES;
				CLANG_WARN_COMMA = YES;
				CLANG_WARN_CONSTANT_CONVERSION = YES;
				CLANG_WARN_DEPRECATED_OBJC_IMPLEMENTATIONS = YES;
				CLANG_WARN_DIRECT_OBJC_ISA_USAGE = YES_ERROR;
				CLANG_WARN_DOCUMENTATION_COMMENTS = YES;
				CLANG_WARN_EMPTY_BODY = YES;
				CLANG_WARN_ENUM_CONVERSION = YES;
				CLANG_WARN_INFINITE_RECURSION = YES;
				CLANG_WARN_INT_CONVERSION = YES;
				CLANG_WARN_NON_LITERAL_NULL_CONVERSION = YES;
				CLANG_WARN_OBJC_IMPLICIT_RETAIN_SELF = YES;
				CLANG_WARN_OBJC_LITERAL_CONVERSION = YES;
				CLANG_WARN_OBJC_ROOT_CLASS = YES_ERROR;
				CLANG_WARN_QUOTED_INCLUDE_IN_FRAMEWORK_HEADER = YES;
				CLANG_WARN_RANGE_LOOP_ANALYSIS = YES;
				CLANG_WARN_STRICT_PROTOTYPES = YES;
				CLANG_WARN_SUSPICIOUS_MOVE = YES;
				CLANG_WARN_UNGUARDED_AVAILABILITY = YES_AGGRESSIVE;
				CLANG_WARN_UNREACHABLE_CODE = YES;
				CLANG_WARN__DUPLICATE_METHOD_MATCH = YES;
				COPY_PHASE_STRIP = NO;
				DEBUG_INFORMATION_FORMAT = dwarf;
				ENABLE_STRICT_OBJC_MSGSEND = YES;
				ENABLE_TESTABILITY = YES;
				ENABLE_USER_SCRIPT_SANDBOXING = YES;
				GCC_C_LANGUAGE_STANDARD = gnu17;
				GCC_DYNAMIC_NO_PIC = NO;
				GCC_NO_COMMON_BLOCKS = YES;
				GCC_OPTIMIZATION_LEVEL = 0;
				GCC_PREPROCESSOR_DEFINITIONS = (
					"DEBUG=1",
					"$(inherited)",
				);
				GCC_WARN_64_TO_32_BIT_CONVERSION = YES;
				GCC_WARN_ABOUT_RETURN_TYPE = YES_ERROR;
				GCC_WARN_UNDECLARED_SELECTOR = YES;
				GCC_WARN_UNINITIALIZED_AUTOS = YES_AGGRESSIVE;
				GCC_WARN_UNUSED_FUNCTION = YES;
				GCC_WARN_UNUSED_VARIABLE = YES;
				IPHONEOS_DEPLOYMENT_TARGET = 17.5;
				LOCALIZATION_PREFERS_STRING_CATALOGS = YES;
				MTL_ENABLE_DEBUG_INFO = INCLUDE_SOURCE;
				MTL_FAST_MATH = YES;
				ONLY_ACTIVE_ARCH = YES;
				SDKROOT = iphoneos;
				SWIFT_ACTIVE_COMPILATION_CONDITIONS = "DEBUG $(inherited)";
				SWIFT_OPTIMIZATION_LEVEL = "-Onone";
			};
			name = Debug;
		};
		81494AF72C13BD2A00F1ABB0 /* Release */ = {
			isa = XCBuildConfiguration;
			buildSettings = {
				ALWAYS_SEARCH_USER_PATHS = NO;
				ASSETCATALOG_COMPILER_GENERATE_SWIFT_ASSET_SYMBOL_EXTENSIONS = YES;
				CLANG_ANALYZER_NONNULL = YES;
				CLANG_ANALYZER_NUMBER_OBJECT_CONVERSION = YES_AGGRESSIVE;
				CLANG_CXX_LANGUAGE_STANDARD = "gnu++20";
				CLANG_ENABLE_MODULES = YES;
				CLANG_ENABLE_OBJC_ARC = YES;
				CLANG_ENABLE_OBJC_WEAK = YES;
				CLANG_WARN_BLOCK_CAPTURE_AUTORELEASING = YES;
				CLANG_WARN_BOOL_CONVERSION = YES;
				CLANG_WARN_COMMA = YES;
				CLANG_WARN_CONSTANT_CONVERSION = YES;
				CLANG_WARN_DEPRECATED_OBJC_IMPLEMENTATIONS = YES;
				CLANG_WARN_DIRECT_OBJC_ISA_USAGE = YES_ERROR;
				CLANG_WARN_DOCUMENTATION_COMMENTS = YES;
				CLANG_WARN_EMPTY_BODY = YES;
				CLANG_WARN_ENUM_CONVERSION = YES;
				CLANG_WARN_INFINITE_RECURSION = YES;
				CLANG_WARN_INT_CONVERSION = YES;
				CLANG_WARN_NON_LITERAL_NULL_CONVERSION = YES;
				CLANG_WARN_OBJC_IMPLICIT_RETAIN_SELF = YES;
				CLANG_WARN_OBJC_LITERAL_CONVERSION = YES;
				CLANG_WARN_OBJC_ROOT_CLASS = YES_ERROR;
				CLANG_WARN_QUOTED_INCLUDE_IN_FRAMEWORK_HEADER = YES;
				CLANG_WARN_RANGE_LOOP_ANALYSIS = YES;
				CLANG_WARN_STRICT_PROTOTYPES = YES;
				CLANG_WARN_SUSPICIOUS_MOVE = YES;
				CLANG_WARN_UNGUARDED_AVAILABILITY = YES_AGGRESSIVE;
				CLANG_WARN_UNREACHABLE_CODE = YES;
				CLANG_WARN__DUPLICATE_METHOD_MATCH = YES;
				COPY_PHASE_STRIP = NO;
				DEBUG_INFORMATION_FORMAT = "dwarf-with-dsym";
				ENABLE_NS_ASSERTIONS = NO;
				ENABLE_STRICT_OBJC_MSGSEND = YES;
				ENABLE_USER_SCRIPT_SANDBOXING = YES;
				GCC_C_LANGUAGE_STANDARD = gnu17;
				GCC_NO_COMMON_BLOCKS = YES;
				GCC_WARN_64_TO_32_BIT_CONVERSION = YES;
				GCC_WARN_ABOUT_RETURN_TYPE = YES_ERROR;
				GCC_WARN_UNDECLARED_SELECTOR = YES;
				GCC_WARN_UNINITIALIZED_AUTOS = YES_AGGRESSIVE;
				GCC_WARN_UNUSED_FUNCTION = YES;
				GCC_WARN_UNUSED_VARIABLE = YES;
				IPHONEOS_DEPLOYMENT_TARGET = 17.5;
				LOCALIZATION_PREFERS_STRING_CATALOGS = YES;
				MTL_ENABLE_DEBUG_INFO = NO;
				MTL_FAST_MATH = YES;
				SDKROOT = iphoneos;
				SWIFT_COMPILATION_MODE = wholemodule;
				VALIDATE_PRODUCT = YES;
			};
			name = Release;
		};
		81494AF92C13BD2A00F1ABB0 /* Debug */ = {
			isa = XCBuildConfiguration;
			buildSettings = {
				ASSETCATALOG_COMPILER_APPICON_NAME = AppIcon;
				ASSETCATALOG_COMPILER_GLOBAL_ACCENT_COLOR_NAME = AccentColor;
				CODE_SIGN_STYLE = Automatic;
				CURRENT_PROJECT_VERSION = 1;
				DEVELOPMENT_ASSET_PATHS = "\"Linguista/Preview Content\"";
				DEVELOPMENT_TEAM = H9YG269PFG;
				ENABLE_PREVIEWS = YES;
				GENERATE_INFOPLIST_FILE = YES;
				INFOPLIST_FILE = Linguista/Info.plist;
				INFOPLIST_KEY_UIApplicationSceneManifest_Generation = YES;
				INFOPLIST_KEY_UIApplicationSupportsIndirectInputEvents = YES;
				INFOPLIST_KEY_UILaunchScreen_Generation = YES;
				INFOPLIST_KEY_UISupportedInterfaceOrientations_iPad = "UIInterfaceOrientationPortrait UIInterfaceOrientationPortraitUpsideDown UIInterfaceOrientationLandscapeLeft UIInterfaceOrientationLandscapeRight";
				INFOPLIST_KEY_UISupportedInterfaceOrientations_iPhone = "UIInterfaceOrientationPortrait UIInterfaceOrientationLandscapeLeft UIInterfaceOrientationLandscapeRight";
				LD_RUNPATH_SEARCH_PATHS = (
					"$(inherited)",
					"@executable_path/Frameworks",
				);
				MARKETING_VERSION = 1.0;
				PRODUCT_BUNDLE_IDENTIFIER = "Daniel-Grant.Linguista";
				PRODUCT_NAME = "$(TARGET_NAME)";
				SWIFT_EMIT_LOC_STRINGS = YES;
				SWIFT_VERSION = 5.0;
				TARGETED_DEVICE_FAMILY = "1,2";
			};
			name = Debug;
		};
		81494AFA2C13BD2A00F1ABB0 /* Release */ = {
			isa = XCBuildConfiguration;
			buildSettings = {
				ASSETCATALOG_COMPILER_APPICON_NAME = AppIcon;
				ASSETCATALOG_COMPILER_GLOBAL_ACCENT_COLOR_NAME = AccentColor;
				CODE_SIGN_STYLE = Automatic;
				CURRENT_PROJECT_VERSION = 1;
				DEVELOPMENT_ASSET_PATHS = "\"Linguista/Preview Content\"";
				DEVELOPMENT_TEAM = H9YG269PFG;
				ENABLE_PREVIEWS = YES;
				GENERATE_INFOPLIST_FILE = YES;
				INFOPLIST_FILE = Linguista/Info.plist;
				INFOPLIST_KEY_UIApplicationSceneManifest_Generation = YES;
				INFOPLIST_KEY_UIApplicationSupportsIndirectInputEvents = YES;
				INFOPLIST_KEY_UILaunchScreen_Generation = YES;
				INFOPLIST_KEY_UISupportedInterfaceOrientations_iPad = "UIInterfaceOrientationPortrait UIInterfaceOrientationPortraitUpsideDown UIInterfaceOrientationLandscapeLeft UIInterfaceOrientationLandscapeRight";
				INFOPLIST_KEY_UISupportedInterfaceOrientations_iPhone = "UIInterfaceOrientationPortrait UIInterfaceOrientationLandscapeLeft UIInterfaceOrientationLandscapeRight";
				LD_RUNPATH_SEARCH_PATHS = (
					"$(inherited)",
					"@executable_path/Frameworks",
				);
				MARKETING_VERSION = 1.0;
				PRODUCT_BUNDLE_IDENTIFIER = "Daniel-Grant.Linguista";
				PRODUCT_NAME = "$(TARGET_NAME)";
				SWIFT_EMIT_LOC_STRINGS = YES;
				SWIFT_VERSION = 5.0;
				TARGETED_DEVICE_FAMILY = "1,2";
			};
			name = Release;
		};
		81494AFC2C13BD2A00F1ABB0 /* Debug */ = {
			isa = XCBuildConfiguration;
			buildSettings = {
				ALWAYS_EMBED_SWIFT_STANDARD_LIBRARIES = YES;
				BUNDLE_LOADER = "$(TEST_HOST)";
				CODE_SIGN_STYLE = Automatic;
				CURRENT_PROJECT_VERSION = 1;
				DEVELOPMENT_TEAM = H9YG269PFG;
				GENERATE_INFOPLIST_FILE = YES;
				IPHONEOS_DEPLOYMENT_TARGET = 17.5;
				MARKETING_VERSION = 1.0;
				PRODUCT_BUNDLE_IDENTIFIER = "Daniel-Grant.LinguistaTests";
				PRODUCT_NAME = "$(TARGET_NAME)";
				SWIFT_EMIT_LOC_STRINGS = NO;
				SWIFT_VERSION = 5.0;
				TARGETED_DEVICE_FAMILY = "1,2";
				TEST_HOST = "$(BUILT_PRODUCTS_DIR)/Linguista.app/$(BUNDLE_EXECUTABLE_FOLDER_PATH)/Linguista";
			};
			name = Debug;
		};
		81494AFD2C13BD2A00F1ABB0 /* Release */ = {
			isa = XCBuildConfiguration;
			buildSettings = {
				ALWAYS_EMBED_SWIFT_STANDARD_LIBRARIES = YES;
				BUNDLE_LOADER = "$(TEST_HOST)";
				CODE_SIGN_STYLE = Automatic;
				CURRENT_PROJECT_VERSION = 1;
				DEVELOPMENT_TEAM = H9YG269PFG;
				GENERATE_INFOPLIST_FILE = YES;
				IPHONEOS_DEPLOYMENT_TARGET = 17.5;
				MARKETING_VERSION = 1.0;
				PRODUCT_BUNDLE_IDENTIFIER = "Daniel-Grant.LinguistaTests";
				PRODUCT_NAME = "$(TARGET_NAME)";
				SWIFT_EMIT_LOC_STRINGS = NO;
				SWIFT_VERSION = 5.0;
				TARGETED_DEVICE_FAMILY = "1,2";
				TEST_HOST = "$(BUILT_PRODUCTS_DIR)/Linguista.app/$(BUNDLE_EXECUTABLE_FOLDER_PATH)/Linguista";
			};
			name = Release;
		};
		81494AFF2C13BD2A00F1ABB0 /* Debug */ = {
			isa = XCBuildConfiguration;
			buildSettings = {
				ALWAYS_EMBED_SWIFT_STANDARD_LIBRARIES = YES;
				CODE_SIGN_STYLE = Automatic;
				CURRENT_PROJECT_VERSION = 1;
				DEVELOPMENT_TEAM = H9YG269PFG;
				GENERATE_INFOPLIST_FILE = YES;
				MARKETING_VERSION = 1.0;
				PRODUCT_BUNDLE_IDENTIFIER = "Daniel-Grant.LinguistaUITests";
				PRODUCT_NAME = "$(TARGET_NAME)";
				SWIFT_EMIT_LOC_STRINGS = NO;
				SWIFT_VERSION = 5.0;
				TARGETED_DEVICE_FAMILY = "1,2";
				TEST_TARGET_NAME = Linguista;
			};
			name = Debug;
		};
		81494B002C13BD2A00F1ABB0 /* Release */ = {
			isa = XCBuildConfiguration;
			buildSettings = {
				ALWAYS_EMBED_SWIFT_STANDARD_LIBRARIES = YES;
				CODE_SIGN_STYLE = Automatic;
				CURRENT_PROJECT_VERSION = 1;
				DEVELOPMENT_TEAM = H9YG269PFG;
				GENERATE_INFOPLIST_FILE = YES;
				MARKETING_VERSION = 1.0;
				PRODUCT_BUNDLE_IDENTIFIER = "Daniel-Grant.LinguistaUITests";
				PRODUCT_NAME = "$(TARGET_NAME)";
				SWIFT_EMIT_LOC_STRINGS = NO;
				SWIFT_VERSION = 5.0;
				TARGETED_DEVICE_FAMILY = "1,2";
				TEST_TARGET_NAME = Linguista;
			};
			name = Release;
		};
/* End XCBuildConfiguration section */

/* Begin XCConfigurationList section */
		81494ACF2C13BD2900F1ABB0 /* Build configuration list for PBXProject "Linguista" */ = {
			isa = XCConfigurationList;
			buildConfigurations = (
				81494AF62C13BD2A00F1ABB0 /* Debug */,
				81494AF72C13BD2A00F1ABB0 /* Release */,
			);
			defaultConfigurationIsVisible = 0;
			defaultConfigurationName = Release;
		};
		81494AF82C13BD2A00F1ABB0 /* Build configuration list for PBXNativeTarget "Linguista" */ = {
			isa = XCConfigurationList;
			buildConfigurations = (
				81494AF92C13BD2A00F1ABB0 /* Debug */,
				81494AFA2C13BD2A00F1ABB0 /* Release */,
			);
			defaultConfigurationIsVisible = 0;
			defaultConfigurationName = Release;
		};
		81494AFB2C13BD2A00F1ABB0 /* Build configuration list for PBXNativeTarget "LinguistaTests" */ = {
			isa = XCConfigurationList;
			buildConfigurations = (
				81494AFC2C13BD2A00F1ABB0 /* Debug */,
				81494AFD2C13BD2A00F1ABB0 /* Release */,
			);
			defaultConfigurationIsVisible = 0;
			defaultConfigurationName = Release;
		};
		81494AFE2C13BD2A00F1ABB0 /* Build configuration list for PBXNativeTarget "LinguistaUITests" */ = {
			isa = XCConfigurationList;
			buildConfigurations = (
				81494AFF2C13BD2A00F1ABB0 /* Debug */,
				81494B002C13BD2A00F1ABB0 /* Release */,
			);
			defaultConfigurationIsVisible = 0;
			defaultConfigurationName = Release;
		};
/* End XCConfigurationList section */
	};
	rootObject = 81494ACC2C13BD2900F1ABB0 /* Project object */;
}
