// !$*UTF8*$!
{
	archiveVersion = 1;
	classes = {
	};
	objectVersion = 70;
	objects = {

/* Begin PBXBuildFile section */
		8120C7A72C2A79EF007DCE2E /* AccountView.swift in Sources */ = {isa = PBXBuildFile; fileRef = 8120C7A62C2A79EF007DCE2E /* AccountView.swift */; };
		8120C7AF2C2A8091007DCE2E /* Message.swift in Sources */ = {isa = PBXBuildFile; fileRef = 8120C7AE2C2A8091007DCE2E /* Message.swift */; };
		8120C7BF2C2B483E007DCE2E /* Constants.swift in Sources */ = {isa = PBXBuildFile; fileRef = 8120C7BE2C2B483E007DCE2E /* Constants.swift */; };
		812D1F0B2C897E8400255A86 /* Utilities.swift in Sources */ = {isa = PBXBuildFile; fileRef = 812D1F0A2C897E8400255A86 /* Utilities.swift */; };
		813C40602D0A8630007C10D3 /* PlayAudioButton.swift in Sources */ = {isa = PBXBuildFile; fileRef = 813C405F2D0A8630007C10D3 /* PlayAudioButton.swift */; };
		81494AD82C13BD2900F1ABB0 /* LinguistaApp.swift in Sources */ = {isa = PBXBuildFile; fileRef = 81494AD72C13BD2900F1ABB0 /* LinguistaApp.swift */; };
		81494ADA2C13BD2900F1ABB0 /* ContentView.swift in Sources */ = {isa = PBXBuildFile; fileRef = 81494AD92C13BD2900F1ABB0 /* ContentView.swift */; };
		81494ADC2C13BD2A00F1ABB0 /* Assets.xcassets in Resources */ = {isa = PBXBuildFile; fileRef = 81494ADB2C13BD2A00F1ABB0 /* Assets.xcassets */; };
		81494ADF2C13BD2A00F1ABB0 /* Preview Assets.xcassets in Resources */ = {isa = PBXBuildFile; fileRef = 81494ADE2C13BD2A00F1ABB0 /* Preview Assets.xcassets */; };
		81494AE92C13BD2A00F1ABB0 /* LinguistaTests.swift in Sources */ = {isa = PBXBuildFile; fileRef = 81494AE82C13BD2A00F1ABB0 /* LinguistaTests.swift */; };
		81494AF32C13BD2A00F1ABB0 /* LinguistaUITests.swift in Sources */ = {isa = PBXBuildFile; fileRef = 81494AF22C13BD2A00F1ABB0 /* LinguistaUITests.swift */; };
		81494AF52C13BD2A00F1ABB0 /* LinguistaUITestsLaunchTests.swift in Sources */ = {isa = PBXBuildFile; fileRef = 81494AF42C13BD2A00F1ABB0 /* LinguistaUITestsLaunchTests.swift */; };
		8159FDFC2CE65A72005A0428 /* TextToSpeech.swift in Sources */ = {isa = PBXBuildFile; fileRef = 8159FDFB2CE65A72005A0428 /* TextToSpeech.swift */; };
		8159FDFE2CE677B0005A0428 /* TextToSpeechView.swift in Sources */ = {isa = PBXBuildFile; fileRef = 8159FDFD2CE677A7005A0428 /* TextToSpeechView.swift */; };
		8159FE022CEEEEA4005A0428 /* AudioPlayerView.swift in Sources */ = {isa = PBXBuildFile; fileRef = 8159FE012CEEEEA4005A0428 /* AudioPlayerView.swift */; };
		81752E7E2D532FDF00D9F696 /* ConversationViewsSwapperView.swift in Sources */ = {isa = PBXBuildFile; fileRef = 81752E7D2D532FDF00D9F696 /* ConversationViewsSwapperView.swift */; };
		81752E802D5AFA9600D9F696 /* BackAndForthChatView.swift in Sources */ = {isa = PBXBuildFile; fileRef = 81752E7F2D5AFA9600D9F696 /* BackAndForthChatView.swift */; };
		81752E822D5AFDDF00D9F696 /* TextMessagingView.swift in Sources */ = {isa = PBXBuildFile; fileRef = 81752E812D5AFDDF00D9F696 /* TextMessagingView.swift */; };
		81752E842D6A2A7400D9F696 /* SettingsView.swift in Sources */ = {isa = PBXBuildFile; fileRef = 81752E832D6A2A7400D9F696 /* SettingsView.swift */; };
		81752E862D6A2BF200D9F696 /* SettingsOptionsView.swift in Sources */ = {isa = PBXBuildFile; fileRef = 81752E852D6A2BF200D9F696 /* SettingsOptionsView.swift */; };
		81752E8A2D6EB86400D9F696 /* ChatOptionsView.swift in Sources */ = {isa = PBXBuildFile; fileRef = 81752E892D6EB86400D9F696 /* ChatOptionsView.swift */; };
		81841B0E2C62B96B00B7A5AC /* AuthenticationService.swift in Sources */ = {isa = PBXBuildFile; fileRef = 81841B0D2C62B96B00B7A5AC /* AuthenticationService.swift */; };
		81841B122C66B61100B7A5AC /* Config.plist in Resources */ = {isa = PBXBuildFile; fileRef = 81841B112C66B61100B7A5AC /* Config.plist */; };
		81841B142C66B66A00B7A5AC /* Config.swift in Sources */ = {isa = PBXBuildFile; fileRef = 81841B132C66B66A00B7A5AC /* Config.swift */; };
		8188C72E2CB764C700A10210 /* CompletionsService.swift in Sources */ = {isa = PBXBuildFile; fileRef = 8188C72D2CB764C700A10210 /* CompletionsService.swift */; };
		8194D0222D23791000CAE54C /* SpeedSelectorView.swift in Sources */ = {isa = PBXBuildFile; fileRef = 8194D0212D23791000CAE54C /* SpeedSelectorView.swift */; };
		8194D0242D38C43000CAE54C /* LanguagePickerView.swift in Sources */ = {isa = PBXBuildFile; fileRef = 8194D0232D38C43000CAE54C /* LanguagePickerView.swift */; };
		8194D0262D38C51300CAE54C /* MessageListView.swift in Sources */ = {isa = PBXBuildFile; fileRef = 8194D0252D38C51300CAE54C /* MessageListView.swift */; };
		8194D0282D38C53A00CAE54C /* MessageBubbleView.swift in Sources */ = {isa = PBXBuildFile; fileRef = 8194D0272D38C53A00CAE54C /* MessageBubbleView.swift */; };
		8194D02A2D38C68C00CAE54C /* MessageInputView.swift in Sources */ = {isa = PBXBuildFile; fileRef = 8194D0292D38C68C00CAE54C /* MessageInputView.swift */; };
		8194D02C2D506D0300CAE54C /* ChatView.swift in Sources */ = {isa = PBXBuildFile; fileRef = 8194D02B2D506D0300CAE54C /* ChatView.swift */; };
		819622112CDDAC59009D9392 /* SpeechRecognizer.swift in Sources */ = {isa = PBXBuildFile; fileRef = 819622102CDDAC59009D9392 /* SpeechRecognizer.swift */; };
		819622132CDDAC75009D9392 /* SpeechRecognizerView.swift in Sources */ = {isa = PBXBuildFile; fileRef = 819622122CDDAC75009D9392 /* SpeechRecognizerView.swift */; };
		819DC6A72CF579E100452923 /* TtsViewModel.swift in Sources */ = {isa = PBXBuildFile; fileRef = 819DC6A62CF579E100452923 /* TtsViewModel.swift */; };
		81A9CB072D7A54CE000FCE5C /* MessageModalView.swift in Sources */ = {isa = PBXBuildFile; fileRef = 81A9CB062D7A54CE000FCE5C /* MessageModalView.swift */; };
		81A9CB092D813210000FCE5C /* TranslationBubbleView.swift in Sources */ = {isa = PBXBuildFile; fileRef = 81A9CB082D813210000FCE5C /* TranslationBubbleView.swift */; };
		81BD14252DD6A4F9003B4706 /* KeychainManager.swift in Sources */ = {isa = PBXBuildFile; fileRef = 81BD14242DD6A4F9003B4706 /* KeychainManager.swift */; };
/* End PBXBuildFile section */

/* Begin PBXContainerItemProxy section */
		81494AE52C13BD2A00F1ABB0 /* PBXContainerItemProxy */ = {
			isa = PBXContainerItemProxy;
			containerPortal = 81494ACC2C13BD2900F1ABB0 /* Project object */;
			proxyType = 1;
			remoteGlobalIDString = 81494AD32C13BD2900F1ABB0;
			remoteInfo = Linguista;
		};
		81494AEF2C13BD2A00F1ABB0 /* PBXContainerItemProxy */ = {
			isa = PBXContainerItemProxy;
			containerPortal = 81494ACC2C13BD2900F1ABB0 /* Project object */;
			proxyType = 1;
			remoteGlobalIDString = 81494AD32C13BD2900F1ABB0;
			remoteInfo = Linguista;
		};
/* End PBXContainerItemProxy section */

/* Begin PBXFileReference section */
		8120C7A62C2A79EF007DCE2E /* AccountView.swift */ = {isa = PBXFileReference; lastKnownFileType = sourcecode.swift; path = AccountView.swift; sourceTree = "<group>"; };
		8120C7AE2C2A8091007DCE2E /* Message.swift */ = {isa = PBXFileReference; lastKnownFileType = sourcecode.swift; path = Message.swift; sourceTree = "<group>"; };
		8120C7BE2C2B483E007DCE2E /* Constants.swift */ = {isa = PBXFileReference; lastKnownFileType = sourcecode.swift; path = Constants.swift; sourceTree = "<group>"; };
		8120C7DE2C40F099007DCE2E /* Info.plist */ = {isa = PBXFileReference; lastKnownFileType = text.plist; path = Info.plist; sourceTree = "<group>"; };
		812D1F0A2C897E8400255A86 /* Utilities.swift */ = {isa = PBXFileReference; lastKnownFileType = sourcecode.swift; path = Utilities.swift; sourceTree = "<group>"; };
		813C405F2D0A8630007C10D3 /* PlayAudioButton.swift */ = {isa = PBXFileReference; lastKnownFileType = sourcecode.swift; path = PlayAudioButton.swift; sourceTree = "<group>"; };
		813EBDE62DD596FE00371BBB /* Linguista.entitlements */ = {isa = PBXFileReference; lastKnownFileType = text.plist.entitlements; path = Linguista.entitlements; sourceTree = "<group>"; };
		81494AD42C13BD2900F1ABB0 /* Linguista.app */ = {isa = PBXFileReference; explicitFileType = wrapper.application; includeInIndex = 0; path = Linguista.app; sourceTree = BUILT_PRODUCTS_DIR; };
		81494AD72C13BD2900F1ABB0 /* LinguistaApp.swift */ = {isa = PBXFileReference; lastKnownFileType = sourcecode.swift; path = LinguistaApp.swift; sourceTree = "<group>"; };
		81494AD92C13BD2900F1ABB0 /* ContentView.swift */ = {isa = PBXFileReference; lastKnownFileType = sourcecode.swift; path = ContentView.swift; sourceTree = "<group>"; };
		81494ADB2C13BD2A00F1ABB0 /* Assets.xcassets */ = {isa = PBXFileReference; lastKnownFileType = folder.assetcatalog; path = Assets.xcassets; sourceTree = "<group>"; };
		81494ADE2C13BD2A00F1ABB0 /* Preview Assets.xcassets */ = {isa = PBXFileReference; lastKnownFileType = folder.assetcatalog; path = "Preview Assets.xcassets"; sourceTree = "<group>"; };
		81494AE42C13BD2A00F1ABB0 /* LinguistaTests.xctest */ = {isa = PBXFileReference; explicitFileType = wrapper.cfbundle; includeInIndex = 0; path = LinguistaTests.xctest; sourceTree = BUILT_PRODUCTS_DIR; };
		81494AE82C13BD2A00F1ABB0 /* LinguistaTests.swift */ = {isa = PBXFileReference; lastKnownFileType = sourcecode.swift; path = LinguistaTests.swift; sourceTree = "<group>"; };
		81494AEE2C13BD2A00F1ABB0 /* LinguistaUITests.xctest */ = {isa = PBXFileReference; explicitFileType = wrapper.cfbundle; includeInIndex = 0; path = LinguistaUITests.xctest; sourceTree = BUILT_PRODUCTS_DIR; };
		81494AF22C13BD2A00F1ABB0 /* LinguistaUITests.swift */ = {isa = PBXFileReference; lastKnownFileType = sourcecode.swift; path = LinguistaUITests.swift; sourceTree = "<group>"; };
		81494AF42C13BD2A00F1ABB0 /* LinguistaUITestsLaunchTests.swift */ = {isa = PBXFileReference; lastKnownFileType = sourcecode.swift; path = LinguistaUITestsLaunchTests.swift; sourceTree = "<group>"; };
		8159FDFB2CE65A72005A0428 /* TextToSpeech.swift */ = {isa = PBXFileReference; lastKnownFileType = sourcecode.swift; path = TextToSpeech.swift; sourceTree = "<group>"; };
		8159FDFD2CE677A7005A0428 /* TextToSpeechView.swift */ = {isa = PBXFileReference; lastKnownFileType = sourcecode.swift; path = TextToSpeechView.swift; sourceTree = "<group>"; };
		8159FE012CEEEEA4005A0428 /* AudioPlayerView.swift */ = {isa = PBXFileReference; lastKnownFileType = sourcecode.swift; path = AudioPlayerView.swift; sourceTree = "<group>"; };
		81752E7D2D532FDF00D9F696 /* ConversationViewsSwapperView.swift */ = {isa = PBXFileReference; lastKnownFileType = sourcecode.swift; path = ConversationViewsSwapperView.swift; sourceTree = "<group>"; };
		81752E7F2D5AFA9600D9F696 /* BackAndForthChatView.swift */ = {isa = PBXFileReference; lastKnownFileType = sourcecode.swift; path = BackAndForthChatView.swift; sourceTree = "<group>"; };
		81752E812D5AFDDF00D9F696 /* TextMessagingView.swift */ = {isa = PBXFileReference; lastKnownFileType = sourcecode.swift; path = TextMessagingView.swift; sourceTree = "<group>"; };
		81752E832D6A2A7400D9F696 /* SettingsView.swift */ = {isa = PBXFileReference; lastKnownFileType = sourcecode.swift; path = SettingsView.swift; sourceTree = "<group>"; };
		81752E852D6A2BF200D9F696 /* SettingsOptionsView.swift */ = {isa = PBXFileReference; lastKnownFileType = sourcecode.swift; path = SettingsOptionsView.swift; sourceTree = "<group>"; };
		81752E892D6EB86400D9F696 /* ChatOptionsView.swift */ = {isa = PBXFileReference; lastKnownFileType = sourcecode.swift; path = ChatOptionsView.swift; sourceTree = "<group>"; };
		81841B0D2C62B96B00B7A5AC /* AuthenticationService.swift */ = {isa = PBXFileReference; lastKnownFileType = sourcecode.swift; path = AuthenticationService.swift; sourceTree = "<group>"; };
		81841B112C66B61100B7A5AC /* Config.plist */ = {isa = PBXFileReference; lastKnownFileType = text.plist.xml; path = Config.plist; sourceTree = "<group>"; };
		81841B132C66B66A00B7A5AC /* Config.swift */ = {isa = PBXFileReference; lastKnownFileType = sourcecode.swift; path = Config.swift; sourceTree = "<group>"; };
		8188C72D2CB764C700A10210 /* CompletionsService.swift */ = {isa = PBXFileReference; lastKnownFileType = sourcecode.swift; path = CompletionsService.swift; sourceTree = "<group>"; };
		8194D0212D23791000CAE54C /* SpeedSelectorView.swift */ = {isa = PBXFileReference; lastKnownFileType = sourcecode.swift; path = SpeedSelectorView.swift; sourceTree = "<group>"; };
		8194D0232D38C43000CAE54C /* LanguagePickerView.swift */ = {isa = PBXFileReference; lastKnownFileType = sourcecode.swift; path = LanguagePickerView.swift; sourceTree = "<group>"; };
		8194D0252D38C51300CAE54C /* MessageListView.swift */ = {isa = PBXFileReference; lastKnownFileType = sourcecode.swift; path = MessageListView.swift; sourceTree = "<group>"; };
		8194D0272D38C53A00CAE54C /* MessageBubbleView.swift */ = {isa = PBXFileReference; lastKnownFileType = sourcecode.swift; path = MessageBubbleView.swift; sourceTree = "<group>"; };
		8194D0292D38C68C00CAE54C /* MessageInputView.swift */ = {isa = PBXFileReference; lastKnownFileType = sourcecode.swift; path = MessageInputView.swift; sourceTree = "<group>"; };
		8194D02B2D506D0300CAE54C /* ChatView.swift */ = {isa = PBXFileReference; lastKnownFileType = sourcecode.swift; path = ChatView.swift; sourceTree = "<group>"; };
		819622102CDDAC59009D9392 /* SpeechRecognizer.swift */ = {isa = PBXFileReference; lastKnownFileType = sourcecode.swift; path = SpeechRecognizer.swift; sourceTree = "<group>"; };
		819622122CDDAC75009D9392 /* SpeechRecognizerView.swift */ = {isa = PBXFileReference; lastKnownFileType = sourcecode.swift; path = SpeechRecognizerView.swift; sourceTree = "<group>"; };
		819DC6A62CF579E100452923 /* TtsViewModel.swift */ = {isa = PBXFileReference; lastKnownFileType = sourcecode.swift; path = TtsViewModel.swift; sourceTree = "<group>"; };
		81A9CB062D7A54CE000FCE5C /* MessageModalView.swift */ = {isa = PBXFileReference; lastKnownFileType = sourcecode.swift; path = MessageModalView.swift; sourceTree = "<group>"; };
		81A9CB082D813210000FCE5C /* TranslationBubbleView.swift */ = {isa = PBXFileReference; lastKnownFileType = sourcecode.swift; path = TranslationBubbleView.swift; sourceTree = "<group>"; };
		81BD14242DD6A4F9003B4706 /* KeychainManager.swift */ = {isa = PBXFileReference; lastKnownFileType = sourcecode.swift; path = KeychainManager.swift; sourceTree = "<group>"; };
/* End PBXFileReference section */

/* Begin PBXFileSystemSynchronizedRootGroup section */
		814DE6EB2DA4D3E800A5C0DE /* API */ = {isa = PBXFileSystemSynchronizedRootGroup; explicitFileTypes = {}; explicitFolders = (); path = API; sourceTree = "<group>"; };
		814DE6EC2DA4D40800A5C0DE /* App Models */ = {isa = PBXFileSystemSynchronizedRootGroup; explicitFileTypes = {}; explicitFolders = (); path = "App Models"; sourceTree = "<group>"; };
		814DE6ED2DA4D47900A5C0DE /* List Objects */ = {isa = PBXFileSystemSynchronizedRootGroup; explicitFileTypes = {}; explicitFolders = (); path = "List Objects"; sourceTree = "<group>"; };
		81BD14262DD6F89A003B4706 /* EnvironmentObjects */ = {isa = PBXFileSystemSynchronizedRootGroup; explicitFileTypes = {}; explicitFolders = (); path = EnvironmentObjects; sourceTree = "<group>"; };
/* End PBXFileSystemSynchronizedRootGroup section */

/* Begin PBXFrameworksBuildPhase section */
		81494AD12C13BD2900F1ABB0 /* Frameworks */ = {
			isa = PBXFrameworksBuildPhase;
			buildActionMask = 2147483647;
			files = (
			);
			runOnlyForDeploymentPostprocessing = 0;
		};
		81494AE12C13BD2A00F1ABB0 /* Frameworks */ = {
			isa = PBXFrameworksBuildPhase;
			buildActionMask = 2147483647;
			files = (
			);
			runOnlyForDeploymentPostprocessing = 0;
		};
		81494AEB2C13BD2A00F1ABB0 /* Frameworks */ = {
			isa = PBXFrameworksBuildPhase;
			buildActionMask = 2147483647;
			files = (
			);
			runOnlyForDeploymentPostprocessing = 0;
		};
/* End PBXFrameworksBuildPhase section */

/* Begin PBXGroup section */
		8120C7A42C2A78C6007DCE2E /* Views */ = {
			isa = PBXGroup;
			children = (
				81494AD92C13BD2900F1ABB0 /* ContentView.swift */,
				81752E7D2D532FDF00D9F696 /* ConversationViewsSwapperView.swift */,
				8194D02B2D506D0300CAE54C /* ChatView.swift */,
				81752E812D5AFDDF00D9F696 /* TextMessagingView.swift */,
				8120C7A62C2A79EF007DCE2E /* AccountView.swift */,
				8159FE012CEEEEA4005A0428 /* AudioPlayerView.swift */,
				813C405F2D0A8630007C10D3 /* PlayAudioButton.swift */,
				819622122CDDAC75009D9392 /* SpeechRecognizerView.swift */,
				8194D0212D23791000CAE54C /* SpeedSelectorView.swift */,
				8159FDFD2CE677A7005A0428 /* TextToSpeechView.swift */,
				8194D0232D38C43000CAE54C /* LanguagePickerView.swift */,
				8194D0252D38C51300CAE54C /* MessageListView.swift */,
				8194D0272D38C53A00CAE54C /* MessageBubbleView.swift */,
				8194D0292D38C68C00CAE54C /* MessageInputView.swift */,
				81752E7F2D5AFA9600D9F696 /* BackAndForthChatView.swift */,
				81752E832D6A2A7400D9F696 /* SettingsView.swift */,
				81752E852D6A2BF200D9F696 /* SettingsOptionsView.swift */,
				81752E892D6EB86400D9F696 /* ChatOptionsView.swift */,
				81A9CB062D7A54CE000FCE5C /* MessageModalView.swift */,
				81A9CB082D813210000FCE5C /* TranslationBubbleView.swift */,
			);
			path = Views;
			sourceTree = "<group>";
		};
		8120C7A52C2A78DA007DCE2E /* Services */ = {
			isa = PBXGroup;
			children = (
				81841B0D2C62B96B00B7A5AC /* AuthenticationService.swift */,
				8188C72D2CB764C700A10210 /* CompletionsService.swift */,
			);
			path = Services;
			sourceTree = "<group>";
		};
		8120C7BC2C2B480E007DCE2E /* Helpers */ = {
			isa = PBXGroup;
			children = (
				81841B132C66B66A00B7A5AC /* Config.swift */,
			);
			path = Helpers;
			sourceTree = "<group>";
		};
		8120C7BD2C2B4833007DCE2E /* Resources */ = {
			isa = PBXGroup;
			children = (
				8120C7BE2C2B483E007DCE2E /* Constants.swift */,
				812D1F0A2C897E8400255A86 /* Utilities.swift */,
				819622102CDDAC59009D9392 /* SpeechRecognizer.swift */,
				8159FDFB2CE65A72005A0428 /* TextToSpeech.swift */,
				81BD14242DD6A4F9003B4706 /* KeychainManager.swift */,
			);
			path = Resources;
			sourceTree = "<group>";
		};
		8120C7C22C2B4C6C007DCE2E /* ViewModels */ = {
			isa = PBXGroup;
			children = (
				819DC6A62CF579E100452923 /* TtsViewModel.swift */,
			);
			path = ViewModels;
			sourceTree = "<group>";
		};
		81494ACB2C13BD2900F1ABB0 = {
			isa = PBXGroup;
			children = (
				81494AD62C13BD2900F1ABB0 /* Linguista */,
				81494AE72C13BD2A00F1ABB0 /* LinguistaTests */,
				81494AF12C13BD2A00F1ABB0 /* LinguistaUITests */,
				81494AD52C13BD2900F1ABB0 /* Products */,
			);
			sourceTree = "<group>";
		};
		81494AD52C13BD2900F1ABB0 /* Products */ = {
			isa = PBXGroup;
			children = (
				81494AD42C13BD2900F1ABB0 /* Linguista.app */,
				81494AE42C13BD2A00F1ABB0 /* LinguistaTests.xctest */,
				81494AEE2C13BD2A00F1ABB0 /* LinguistaUITests.xctest */,
			);
			name = Products;
			sourceTree = "<group>";
		};
		81494AD62C13BD2900F1ABB0 /* Linguista */ = {
			isa = PBXGroup;
			children = (
				813EBDE62DD596FE00371BBB /* Linguista.entitlements */,
				8120C7DE2C40F099007DCE2E /* Info.plist */,
				81BD14262DD6F89A003B4706 /* EnvironmentObjects */,
				8120C7BC2C2B480E007DCE2E /* Helpers */,
				8120C7BD2C2B4833007DCE2E /* Resources */,
				8120C7A52C2A78DA007DCE2E /* Services */,
				8120C7A42C2A78C6007DCE2E /* Views */,
				8120C7C22C2B4C6C007DCE2E /* ViewModels */,
				81E127F62C2287B5009A5051 /* Models */,
				81494AD72C13BD2900F1ABB0 /* LinguistaApp.swift */,
				81494ADB2C13BD2A00F1ABB0 /* Assets.xcassets */,
				81494ADD2C13BD2A00F1ABB0 /* Preview Content */,
				81841B112C66B61100B7A5AC /* Config.plist */,
			);
			path = Linguista;
			sourceTree = "<group>";
		};
		81494ADD2C13BD2A00F1ABB0 /* Preview Content */ = {
			isa = PBXGroup;
			children = (
				81494ADE2C13BD2A00F1ABB0 /* Preview Assets.xcassets */,
			);
			path = "Preview Content";
			sourceTree = "<group>";
		};
		81494AE72C13BD2A00F1ABB0 /* LinguistaTests */ = {
			isa = PBXGroup;
			children = (
				81494AE82C13BD2A00F1ABB0 /* LinguistaTests.swift */,
			);
			path = LinguistaTests;
			sourceTree = "<group>";
		};
		81494AF12C13BD2A00F1ABB0 /* LinguistaUITests */ = {
			isa = PBXGroup;
			children = (
				81494AF22C13BD2A00F1ABB0 /* LinguistaUITests.swift */,
				81494AF42C13BD2A00F1ABB0 /* LinguistaUITestsLaunchTests.swift */,
			);
			path = LinguistaUITests;
			sourceTree = "<group>";
		};
		81E127F62C2287B5009A5051 /* Models */ = {
			isa = PBXGroup;
			children = (
				814DE6ED2DA4D47900A5C0DE /* List Objects */,
				814DE6EC2DA4D40800A5C0DE /* App Models */,
				814DE6EB2DA4D3E800A5C0DE /* API */,
				8120C7AE2C2A8091007DCE2E /* Message.swift */,
			);
			path = Models;
			sourceTree = "<group>";
		};
/* End PBXGroup section */

/* Begin PBXNativeTarget section */
		81494AD32C13BD2900F1ABB0 /* Linguista */ = {
			isa = PBXNativeTarget;
			buildConfigurationList = 81494AF82C13BD2A00F1ABB0 /* Build configuration list for PBXNativeTarget "Linguista" */;
			buildPhases = (
				81494AD02C13BD2900F1ABB0 /* Sources */,
				81494AD12C13BD2900F1ABB0 /* Frameworks */,
				81494AD22C13BD2900F1ABB0 /* Resources */,
			);
			buildRules = (
			);
			dependencies = (
			);
			fileSystemSynchronizedGroups = (
				814DE6EB2DA4D3E800A5C0DE /* API */,
				814DE6EC2DA4D40800A5C0DE /* App Models */,
				814DE6ED2DA4D47900A5C0DE /* List Objects */,
				81BD14262DD6F89A003B4706 /* EnvironmentObjects */,
			);
			name = Linguista;
			productName = Linguista;
			productReference = 81494AD42C13BD2900F1ABB0 /* Linguista.app */;
			productType = "com.apple.product-type.application";
		};
		81494AE32C13BD2A00F1ABB0 /* LinguistaTests */ = {
			isa = PBXNativeTarget;
			buildConfigurationList = 81494AFB2C13BD2A00F1ABB0 /* Build configuration list for PBXNativeTarget "LinguistaTests" */;
			buildPhases = (
				81494AE02C13BD2A00F1ABB0 /* Sources */,
				81494AE12C13BD2A00F1ABB0 /* Frameworks */,
				81494AE22C13BD2A00F1ABB0 /* Resources */,
			);
			buildRules = (
			);
			dependencies = (
				81494AE62C13BD2A00F1ABB0 /* PBXTargetDependency */,
			);
			name = LinguistaTests;
			productName = LinguistaTests;
			productReference = 81494AE42C13BD2A00F1ABB0 /* LinguistaTests.xctest */;
			productType = "com.apple.product-type.bundle.unit-test";
		};
		81494AED2C13BD2A00F1ABB0 /* LinguistaUITests */ = {
			isa = PBXNativeTarget;
			buildConfigurationList = 81494AFE2C13BD2A00F1ABB0 /* Build configuration list for PBXNativeTarget "LinguistaUITests" */;
			buildPhases = (
				81494AEA2C13BD2A00F1ABB0 /* Sources */,
				81494AEB2C13BD2A00F1ABB0 /* Frameworks */,
				81494AEC2C13BD2A00F1ABB0 /* Resources */,
			);
			buildRules = (
			);
			dependencies = (
				81494AF02C13BD2A00F1ABB0 /* PBXTargetDependency */,
			);
			name = LinguistaUITests;
			productName = LinguistaUITests;
			productReference = 81494AEE2C13BD2A00F1ABB0 /* LinguistaUITests.xctest */;
			productType = "com.apple.product-type.bundle.ui-testing";
		};
/* End PBXNativeTarget section */

/* Begin PBXProject section */
		81494ACC2C13BD2900F1ABB0 /* Project object */ = {
			isa = PBXProject;
			attributes = {
				BuildIndependentTargetsInParallel = 1;
				LastSwiftUpdateCheck = 1540;
				LastUpgradeCheck = 1540;
				TargetAttributes = {
					81494AD32C13BD2900F1ABB0 = {
						CreatedOnToolsVersion = 15.4;
					};
					81494AE32C13BD2A00F1ABB0 = {
						CreatedOnToolsVersion = 15.4;
						TestTargetID = 81494AD32C13BD2900F1ABB0;
					};
					81494AED2C13BD2A00F1ABB0 = {
						CreatedOnToolsVersion = 15.4;
						TestTargetID = 81494AD32C13BD2900F1ABB0;
					};
				};
			};
			buildConfigurationList = 81494ACF2C13BD2900F1ABB0 /* Build configuration list for PBXProject "Linguista" */;
			compatibilityVersion = "Xcode 14.0";
			developmentRegion = en;
			hasScannedForEncodings = 0;
			knownRegions = (
				en,
				Base,
			);
			mainGroup = 81494ACB2C13BD2900F1ABB0;
			productRefGroup = 81494AD52C13BD2900F1ABB0 /* Products */;
			projectDirPath = "";
			projectRoot = "";
			targets = (
				81494AD32C13BD2900F1ABB0 /* Linguista */,
				81494AE32C13BD2A00F1ABB0 /* LinguistaTests */,
				81494AED2C13BD2A00F1ABB0 /* LinguistaUITests */,
			);
		};
/* End PBXProject section */

/* Begin PBXResourcesBuildPhase section */
		81494AD22C13BD2900F1ABB0 /* Resources */ = {
			isa = PBXResourcesBuildPhase;
			buildActionMask = 2147483647;
			files = (
				81494ADF2C13BD2A00F1ABB0 /* Preview Assets.xcassets in Resources */,
				81841B122C66B61100B7A5AC /* Config.plist in Resources */,
				81494ADC2C13BD2A00F1ABB0 /* Assets.xcassets in Resources */,
			);
			runOnlyForDeploymentPostprocessing = 0;
		};
		81494AE22C13BD2A00F1ABB0 /* Resources */ = {
			isa = PBXResourcesBuildPhase;
			buildActionMask = 2147483647;
			files = (
			);
			runOnlyForDeploymentPostprocessing = 0;
		};
		81494AEC2C13BD2A00F1ABB0 /* Resources */ = {
			isa = PBXResourcesBuildPhase;
			buildActionMask = 2147483647;
			files = (
			);
			runOnlyForDeploymentPostprocessing = 0;
		};
/* End PBXResourcesBuildPhase section */

/* Begin PBXSourcesBuildPhase section */
		81494AD02C13BD2900F1ABB0 /* Sources */ = {
			isa = PBXSourcesBuildPhase;
			buildActionMask = 2147483647;
			files = (
				81752E842D6A2A7400D9F696 /* SettingsView.swift in Sources */,
				813C40602D0A8630007C10D3 /* PlayAudioButton.swift in Sources */,
				81A9CB092D813210000FCE5C /* TranslationBubbleView.swift in Sources */,
				81752E802D5AFA9600D9F696 /* BackAndForthChatView.swift in Sources */,
				8120C7BF2C2B483E007DCE2E /* Constants.swift in Sources */,
				81494ADA2C13BD2900F1ABB0 /* ContentView.swift in Sources */,
				81841B142C66B66A00B7A5AC /* Config.swift in Sources */,
				8194D02C2D506D0300CAE54C /* ChatView.swift in Sources */,
				819622132CDDAC75009D9392 /* SpeechRecognizerView.swift in Sources */,
				812D1F0B2C897E8400255A86 /* Utilities.swift in Sources */,
				81841B0E2C62B96B00B7A5AC /* AuthenticationService.swift in Sources */,
				8159FE022CEEEEA4005A0428 /* AudioPlayerView.swift in Sources */,
				81BD14252DD6A4F9003B4706 /* KeychainManager.swift in Sources */,
				8194D02A2D38C68C00CAE54C /* MessageInputView.swift in Sources */,
				8194D0262D38C51300CAE54C /* MessageListView.swift in Sources */,
				8194D0282D38C53A00CAE54C /* MessageBubbleView.swift in Sources */,
				81752E862D6A2BF200D9F696 /* SettingsOptionsView.swift in Sources */,
				8120C7A72C2A79EF007DCE2E /* AccountView.swift in Sources */,
				819DC6A72CF579E100452923 /* TtsViewModel.swift in Sources */,
				8194D0242D38C43000CAE54C /* LanguagePickerView.swift in Sources */,
				819622112CDDAC59009D9392 /* SpeechRecognizer.swift in Sources */,
				8159FDFE2CE677B0005A0428 /* TextToSpeechView.swift in Sources */,
				81A9CB072D7A54CE000FCE5C /* MessageModalView.swift in Sources */,
				8188C72E2CB764C700A10210 /* CompletionsService.swift in Sources */,
				81494AD82C13BD2900F1ABB0 /* LinguistaApp.swift in Sources */,
				8159FDFC2CE65A72005A0428 /* TextToSpeech.swift in Sources */,
				81752E7E2D532FDF00D9F696 /* ConversationViewsSwapperView.swift in Sources */,
				81752E822D5AFDDF00D9F696 /* TextMessagingView.swift in Sources */,
				81752E8A2D6EB86400D9F696 /* ChatOptionsView.swift in Sources */,
				8120C7AF2C2A8091007DCE2E /* Message.swift in Sources */,
				8194D0222D23791000CAE54C /* SpeedSelectorView.swift in Sources */,
			);
			runOnlyForDeploymentPostprocessing = 0;
		};
		81494AE02C13BD2A00F1ABB0 /* Sources */ = {
			isa = PBXSourcesBuildPhase;
			buildActionMask = 2147483647;
			files = (
				81494AE92C13BD2A00F1ABB0 /* LinguistaTests.swift in Sources */,
			);
			runOnlyForDeploymentPostprocessing = 0;
		};
		81494AEA2C13BD2A00F1ABB0 /* Sources */ = {
			isa = PBXSourcesBuildPhase;
			buildActionMask = 2147483647;
			files = (
				81494AF32C13BD2A00F1ABB0 /* LinguistaUITests.swift in Sources */,
				81494AF52C13BD2A00F1ABB0 /* LinguistaUITestsLaunchTests.swift in Sources */,
			);
			runOnlyForDeploymentPostprocessing = 0;
		};
/* End PBXSourcesBuildPhase section */

/* Begin PBXTargetDependency section */
		81494AE62C13BD2A00F1ABB0 /* PBXTargetDependency */ = {
			isa = PBXTargetDependency;
			target = 81494AD32C13BD2900F1ABB0 /* Linguista */;
			targetProxy = 81494AE52C13BD2A00F1ABB0 /* PBXContainerItemProxy */;
		};
		81494AF02C13BD2A00F1ABB0 /* PBXTargetDependency */ = {
			isa = PBXTargetDependency;
			target = 81494AD32C13BD2900F1ABB0 /* Linguista */;
			targetProxy = 81494AEF2C13BD2A00F1ABB0 /* PBXContainerItemProxy */;
		};
/* End PBXTargetDependency section */

/* Begin XCBuildConfiguration section */
		81494AF62C13BD2A00F1ABB0 /* Debug */ = {
			isa = XCBuildConfiguration;
			buildSettings = {
				ALWAYS_SEARCH_USER_PATHS = NO;
				ASSETCATALOG_COMPILER_GENERATE_SWIFT_ASSET_SYMBOL_EXTENSIONS = YES;
				CLANG_ANALYZER_NONNULL = YES;
				CLANG_ANALYZER_NUMBER_OBJECT_CONVERSION = YES_AGGRESSIVE;
				CLANG_CXX_LANGUAGE_STANDARD = "gnu++20";
				CLANG_ENABLE_MODULES = YES;
				CLANG_ENABLE_OBJC_ARC = YES;
				CLANG_ENABLE_OBJC_WEAK = YES;
				CLANG_WARN_BLOCK_CAPTURE_AUTORELEASING = YES;
				CLANG_WARN_BOOL_CONVERSION = YES;
				CLANG_WARN_COMMA = YES;
				CLANG_WARN_CONSTANT_CONVERSION = YES;
				CLANG_WARN_DEPRECATED_OBJC_IMPLEMENTATIONS = YES;
				CLANG_WARN_DIRECT_OBJC_ISA_USAGE = YES_ERROR;
				CLANG_WARN_DOCUMENTATION_COMMENTS = YES;
				CLANG_WARN_EMPTY_BODY = YES;
				CLANG_WARN_ENUM_CONVERSION = YES;
				CLANG_WARN_INFINITE_RECURSION = YES;
				CLANG_WARN_INT_CONVERSION = YES;
				CLANG_WARN_NON_LITERAL_NULL_CONVERSION = YES;
				CLANG_WARN_OBJC_IMPLICIT_RETAIN_SELF = YES;
				CLANG_WARN_OBJC_LITERAL_CONVERSION = YES;
				CLANG_WARN_OBJC_ROOT_CLASS = YES_ERROR;
				CLANG_WARN_QUOTED_INCLUDE_IN_FRAMEWORK_HEADER = YES;
				CLANG_WARN_RANGE_LOOP_ANALYSIS = YES;
				CLANG_WARN_STRICT_PROTOTYPES = YES;
				CLANG_WARN_SUSPICIOUS_MOVE = YES;
				CLANG_WARN_UNGUARDED_AVAILABILITY = YES_AGGRESSIVE;
				CLANG_WARN_UNREACHABLE_CODE = YES;
				CLANG_WARN__DUPLICATE_METHOD_MATCH = YES;
				COPY_PHASE_STRIP = NO;
				DEBUG_INFORMATION_FORMAT = dwarf;
				ENABLE_STRICT_OBJC_MSGSEND = YES;
				ENABLE_TESTABILITY = YES;
				ENABLE_USER_SCRIPT_SANDBOXING = YES;
				GCC_C_LANGUAGE_STANDARD = gnu17;
				GCC_DYNAMIC_NO_PIC = NO;
				GCC_NO_COMMON_BLOCKS = YES;
				GCC_OPTIMIZATION_LEVEL = 0;
				GCC_PREPROCESSOR_DEFINITIONS = (
					"DEBUG=1",
					"$(inherited)",
				);
				GCC_WARN_64_TO_32_BIT_CONVERSION = YES;
				GCC_WARN_ABOUT_RETURN_TYPE = YES_ERROR;
				GCC_WARN_UNDECLARED_SELECTOR = YES;
				GCC_WARN_UNINITIALIZED_AUTOS = YES_AGGRESSIVE;
				GCC_WARN_UNUSED_FUNCTION = YES;
				GCC_WARN_UNUSED_VARIABLE = YES;
				IPHONEOS_DEPLOYMENT_TARGET = 17.5;
				LOCALIZATION_PREFERS_STRING_CATALOGS = YES;
				MTL_ENABLE_DEBUG_INFO = INCLUDE_SOURCE;
				MTL_FAST_MATH = YES;
				ONLY_ACTIVE_ARCH = YES;
				SDKROOT = iphoneos;
				SWIFT_ACTIVE_COMPILATION_CONDITIONS = "DEBUG $(inherited)";
				SWIFT_OPTIMIZATION_LEVEL = "-Onone";
			};
			name = Debug;
		};
		81494AF72C13BD2A00F1ABB0 /* Release */ = {
			isa = XCBuildConfiguration;
			buildSettings = {
				ALWAYS_SEARCH_USER_PATHS = NO;
				ASSETCATALOG_COMPILER_GENERATE_SWIFT_ASSET_SYMBOL_EXTENSIONS = YES;
				CLANG_ANALYZER_NONNULL = YES;
				CLANG_ANALYZER_NUMBER_OBJECT_CONVERSION = YES_AGGRESSIVE;
				CLANG_CXX_LANGUAGE_STANDARD = "gnu++20";
				CLANG_ENABLE_MODULES = YES;
				CLANG_ENABLE_OBJC_ARC = YES;
				CLANG_ENABLE_OBJC_WEAK = YES;
				CLANG_WARN_BLOCK_CAPTURE_AUTORELEASING = YES;
				CLANG_WARN_BOOL_CONVERSION = YES;
				CLANG_WARN_COMMA = YES;
				CLANG_WARN_CONSTANT_CONVERSION = YES;
				CLANG_WARN_DEPRECATED_OBJC_IMPLEMENTATIONS = YES;
				CLANG_WARN_DIRECT_OBJC_ISA_USAGE = YES_ERROR;
				CLANG_WARN_DOCUMENTATION_COMMENTS = YES;
				CLANG_WARN_EMPTY_BODY = YES;
				CLANG_WARN_ENUM_CONVERSION = YES;
				CLANG_WARN_INFINITE_RECURSION = YES;
				CLANG_WARN_INT_CONVERSION = YES;
				CLANG_WARN_NON_LITERAL_NULL_CONVERSION = YES;
				CLANG_WARN_OBJC_IMPLICIT_RETAIN_SELF = YES;
				CLANG_WARN_OBJC_LITERAL_CONVERSION = YES;
				CLANG_WARN_OBJC_ROOT_CLASS = YES_ERROR;
				CLANG_WARN_QUOTED_INCLUDE_IN_FRAMEWORK_HEADER = YES;
				CLANG_WARN_RANGE_LOOP_ANALYSIS = YES;
				CLANG_WARN_STRICT_PROTOTYPES = YES;
				CLANG_WARN_SUSPICIOUS_MOVE = YES;
				CLANG_WARN_UNGUARDED_AVAILABILITY = YES_AGGRESSIVE;
				CLANG_WARN_UNREACHABLE_CODE = YES;
				CLANG_WARN__DUPLICATE_METHOD_MATCH = YES;
				COPY_PHASE_STRIP = NO;
				DEBUG_INFORMATION_FORMAT = "dwarf-with-dsym";
				ENABLE_NS_ASSERTIONS = NO;
				ENABLE_STRICT_OBJC_MSGSEND = YES;
				ENABLE_USER_SCRIPT_SANDBOXING = YES;
				GCC_C_LANGUAGE_STANDARD = gnu17;
				GCC_NO_COMMON_BLOCKS = YES;
				GCC_WARN_64_TO_32_BIT_CONVERSION = YES;
				GCC_WARN_ABOUT_RETURN_TYPE = YES_ERROR;
				GCC_WARN_UNDECLARED_SELECTOR = YES;
				GCC_WARN_UNINITIALIZED_AUTOS = YES_AGGRESSIVE;
				GCC_WARN_UNUSED_FUNCTION = YES;
				GCC_WARN_UNUSED_VARIABLE = YES;
				IPHONEOS_DEPLOYMENT_TARGET = 17.5;
				LOCALIZATION_PREFERS_STRING_CATALOGS = YES;
				MTL_ENABLE_DEBUG_INFO = NO;
				MTL_FAST_MATH = YES;
				SDKROOT = iphoneos;
				SWIFT_COMPILATION_MODE = wholemodule;
				VALIDATE_PRODUCT = YES;
			};
			name = Release;
		};
		81494AF92C13BD2A00F1ABB0 /* Debug */ = {
			isa = XCBuildConfiguration;
			buildSettings = {
				ASSETCATALOG_COMPILER_APPICON_NAME = AppIcon;
				ASSETCATALOG_COMPILER_GLOBAL_ACCENT_COLOR_NAME = AccentColor;
				CODE_SIGN_ENTITLEMENTS = Linguista/Linguista.entitlements;
				CODE_SIGN_IDENTITY = "Apple Development";
				CODE_SIGN_STYLE = Automatic;
				CURRENT_PROJECT_VERSION = 1;
				DEVELOPMENT_ASSET_PATHS = "\"Linguista/Preview Content\"";
				DEVELOPMENT_TEAM = H9YG269PFG;
				ENABLE_PREVIEWS = YES;
				GENERATE_INFOPLIST_FILE = YES;
				INFOPLIST_FILE = Linguista/Info.plist;
				INFOPLIST_KEY_UIApplicationSceneManifest_Generation = YES;
				INFOPLIST_KEY_UIApplicationSupportsIndirectInputEvents = YES;
				INFOPLIST_KEY_UILaunchScreen_Generation = YES;
				INFOPLIST_KEY_UISupportedInterfaceOrientations_iPad = "UIInterfaceOrientationPortrait UIInterfaceOrientationPortraitUpsideDown UIInterfaceOrientationLandscapeLeft UIInterfaceOrientationLandscapeRight";
				INFOPLIST_KEY_UISupportedInterfaceOrientations_iPhone = "UIInterfaceOrientationPortrait UIInterfaceOrientationLandscapeLeft UIInterfaceOrientationLandscapeRight";
				LD_RUNPATH_SEARCH_PATHS = (
					"$(inherited)",
					"@executable_path/Frameworks",
				);
				MARKETING_VERSION = 1.0;
				PRODUCT_BUNDLE_IDENTIFIER = "Daniel-Grant.Linguista";
				PRODUCT_NAME = "$(TARGET_NAME)";
				PROVISIONING_PROFILE_SPECIFIER = "";
				SWIFT_EMIT_LOC_STRINGS = YES;
				SWIFT_VERSION = 5.0;
				TARGETED_DEVICE_FAMILY = "1,2";
			};
			name = Debug;
		};
		81494AFA2C13BD2A00F1ABB0 /* Release */ = {
			isa = XCBuildConfiguration;
			buildSettings = {
				ASSETCATALOG_COMPILER_APPICON_NAME = AppIcon;
				ASSETCATALOG_COMPILER_GLOBAL_ACCENT_COLOR_NAME = AccentColor;
				CODE_SIGN_ENTITLEMENTS = Linguista/Linguista.entitlements;
				CODE_SIGN_IDENTITY = "Apple Development";
				CODE_SIGN_STYLE = Automatic;
				CURRENT_PROJECT_VERSION = 1;
				DEVELOPMENT_ASSET_PATHS = "\"Linguista/Preview Content\"";
				DEVELOPMENT_TEAM = H9YG269PFG;
				ENABLE_PREVIEWS = YES;
				GENERATE_INFOPLIST_FILE = YES;
				INFOPLIST_FILE = Linguista/Info.plist;
				INFOPLIST_KEY_UIApplicationSceneManifest_Generation = YES;
				INFOPLIST_KEY_UIApplicationSupportsIndirectInputEvents = YES;
				INFOPLIST_KEY_UILaunchScreen_Generation = YES;
				INFOPLIST_KEY_UISupportedInterfaceOrientations_iPad = "UIInterfaceOrientationPortrait UIInterfaceOrientationPortraitUpsideDown UIInterfaceOrientationLandscapeLeft UIInterfaceOrientationLandscapeRight";
				INFOPLIST_KEY_UISupportedInterfaceOrientations_iPhone = "UIInterfaceOrientationPortrait UIInterfaceOrientationLandscapeLeft UIInterfaceOrientationLandscapeRight";
				LD_RUNPATH_SEARCH_PATHS = (
					"$(inherited)",
					"@executable_path/Frameworks",
				);
				MARKETING_VERSION = 1.0;
				PRODUCT_BUNDLE_IDENTIFIER = "Daniel-Grant.Linguista";
				PRODUCT_NAME = "$(TARGET_NAME)";
				PROVISIONING_PROFILE_SPECIFIER = "";
				SWIFT_EMIT_LOC_STRINGS = YES;
				SWIFT_VERSION = 5.0;
				TARGETED_DEVICE_FAMILY = "1,2";
			};
			name = Release;
		};
		81494AFC2C13BD2A00F1ABB0 /* Debug */ = {
			isa = XCBuildConfiguration;
			buildSettings = {
				ALWAYS_EMBED_SWIFT_STANDARD_LIBRARIES = YES;
				BUNDLE_LOADER = "$(TEST_HOST)";
				CODE_SIGN_STYLE = Automatic;
				CURRENT_PROJECT_VERSION = 1;
				DEVELOPMENT_TEAM = H9YG269PFG;
				GENERATE_INFOPLIST_FILE = YES;
				IPHONEOS_DEPLOYMENT_TARGET = 17.5;
				MARKETING_VERSION = 1.0;
				PRODUCT_BUNDLE_IDENTIFIER = "Daniel-Grant.LinguistaTests";
				PRODUCT_NAME = "$(TARGET_NAME)";
				SWIFT_EMIT_LOC_STRINGS = NO;
				SWIFT_VERSION = 5.0;
				TARGETED_DEVICE_FAMILY = "1,2";
				TEST_HOST = "$(BUILT_PRODUCTS_DIR)/Linguista.app/$(BUNDLE_EXECUTABLE_FOLDER_PATH)/Linguista";
			};
			name = Debug;
		};
		81494AFD2C13BD2A00F1ABB0 /* Release */ = {
			isa = XCBuildConfiguration;
			buildSettings = {
				ALWAYS_EMBED_SWIFT_STANDARD_LIBRARIES = YES;
				BUNDLE_LOADER = "$(TEST_HOST)";
				CODE_SIGN_STYLE = Automatic;
				CURRENT_PROJECT_VERSION = 1;
				DEVELOPMENT_TEAM = H9YG269PFG;
				GENERATE_INFOPLIST_FILE = YES;
				IPHONEOS_DEPLOYMENT_TARGET = 17.5;
				MARKETING_VERSION = 1.0;
				PRODUCT_BUNDLE_IDENTIFIER = "Daniel-Grant.LinguistaTests";
				PRODUCT_NAME = "$(TARGET_NAME)";
				SWIFT_EMIT_LOC_STRINGS = NO;
				SWIFT_VERSION = 5.0;
				TARGETED_DEVICE_FAMILY = "1,2";
				TEST_HOST = "$(BUILT_PRODUCTS_DIR)/Linguista.app/$(BUNDLE_EXECUTABLE_FOLDER_PATH)/Linguista";
			};
			name = Release;
		};
		81494AFF2C13BD2A00F1ABB0 /* Debug */ = {
			isa = XCBuildConfiguration;
			buildSettings = {
				ALWAYS_EMBED_SWIFT_STANDARD_LIBRARIES = YES;
				CODE_SIGN_STYLE = Automatic;
				CURRENT_PROJECT_VERSION = 1;
				DEVELOPMENT_TEAM = H9YG269PFG;
				GENERATE_INFOPLIST_FILE = YES;
				MARKETING_VERSION = 1.0;
				PRODUCT_BUNDLE_IDENTIFIER = "Daniel-Grant.LinguistaUITests";
				PRODUCT_NAME = "$(TARGET_NAME)";
				SWIFT_EMIT_LOC_STRINGS = NO;
				SWIFT_VERSION = 5.0;
				TARGETED_DEVICE_FAMILY = "1,2";
				TEST_TARGET_NAME = Linguista;
			};
			name = Debug;
		};
		81494B002C13BD2A00F1ABB0 /* Release */ = {
			isa = XCBuildConfiguration;
			buildSettings = {
				ALWAYS_EMBED_SWIFT_STANDARD_LIBRARIES = YES;
				CODE_SIGN_STYLE = Automatic;
				CURRENT_PROJECT_VERSION = 1;
				DEVELOPMENT_TEAM = H9YG269PFG;
				GENERATE_INFOPLIST_FILE = YES;
				MARKETING_VERSION = 1.0;
				PRODUCT_BUNDLE_IDENTIFIER = "Daniel-Grant.LinguistaUITests";
				PRODUCT_NAME = "$(TARGET_NAME)";
				SWIFT_EMIT_LOC_STRINGS = NO;
				SWIFT_VERSION = 5.0;
				TARGETED_DEVICE_FAMILY = "1,2";
				TEST_TARGET_NAME = Linguista;
			};
			name = Release;
		};
/* End XCBuildConfiguration section */

/* Begin XCConfigurationList section */
		81494ACF2C13BD2900F1ABB0 /* Build configuration list for PBXProject "Linguista" */ = {
			isa = XCConfigurationList;
			buildConfigurations = (
				81494AF62C13BD2A00F1ABB0 /* Debug */,
				81494AF72C13BD2A00F1ABB0 /* Release */,
			);
			defaultConfigurationIsVisible = 0;
			defaultConfigurationName = Release;
		};
		81494AF82C13BD2A00F1ABB0 /* Build configuration list for PBXNativeTarget "Linguista" */ = {
			isa = XCConfigurationList;
			buildConfigurations = (
				81494AF92C13BD2A00F1ABB0 /* Debug */,
				81494AFA2C13BD2A00F1ABB0 /* Release */,
			);
			defaultConfigurationIsVisible = 0;
			defaultConfigurationName = Release;
		};
		81494AFB2C13BD2A00F1ABB0 /* Build configuration list for PBXNativeTarget "LinguistaTests" */ = {
			isa = XCConfigurationList;
			buildConfigurations = (
				81494AFC2C13BD2A00F1ABB0 /* Debug */,
				81494AFD2C13BD2A00F1ABB0 /* Release */,
			);
			defaultConfigurationIsVisible = 0;
			defaultConfigurationName = Release;
		};
		81494AFE2C13BD2A00F1ABB0 /* Build configuration list for PBXNativeTarget "LinguistaUITests" */ = {
			isa = XCConfigurationList;
			buildConfigurations = (
				81494AFF2C13BD2A00F1ABB0 /* Debug */,
				81494B002C13BD2A00F1ABB0 /* Release */,
			);
			defaultConfigurationIsVisible = 0;
			defaultConfigurationName = Release;
		};
/* End XCConfigurationList section */
	};
	rootObject = 81494ACC2C13BD2900F1ABB0 /* Project object */;
}
